// !$*UTF8*$!
{
	archiveVersion = 1;
	classes = {
	};
	objectVersion = 55;
	objects = {

/* Begin PBXBuildFile section */
		5C0E29B7C200E44B4F9AEE4D /* Pods_EggTime.framework in Frameworks */ = {isa = PBXBuildFile; fileRef = BC1C32D9D6BB8D454EA2438E /* Pods_EggTime.framework */; };
		E103002C28CEFE6B00922B54 /* RealmRepository.swift in Sources */ = {isa = PBXBuildFile; fileRef = E103002B28CEFE6B00922B54 /* RealmRepository.swift */; };
		E103002E28CEFED900922B54 /* EggTime.swift in Sources */ = {isa = PBXBuildFile; fileRef = E103002D28CEFED900922B54 /* EggTime.swift */; };
		E1348D2D28E57F81003C3E9A /* TabBarViewController.swift in Sources */ = {isa = PBXBuildFile; fileRef = E1348D2C28E57F81003C3E9A /* TabBarViewController.swift */; };
		E15FE08628DC15EC00956CA9 /* BaseCollectionViewCell.swift in Sources */ = {isa = PBXBuildFile; fileRef = E15FE08428DC15EC00956CA9 /* BaseCollectionViewCell.swift */; };
		E15FE08728DC15EC00956CA9 /* BaseCollectionViewCell.xib in Resources */ = {isa = PBXBuildFile; fileRef = E15FE08528DC15EC00956CA9 /* BaseCollectionViewCell.xib */; };
		E16F4D8F28D19B6700CEC17A /* MapViewController.swift in Sources */ = {isa = PBXBuildFile; fileRef = E16F4D8E28D19B6700CEC17A /* MapViewController.swift */; };
		E16F4D9228D19B7F00CEC17A /* MapView.swift in Sources */ = {isa = PBXBuildFile; fileRef = E16F4D9128D19B7F00CEC17A /* MapView.swift */; };
		E16F4D9728D1ABD600CEC17A /* BackupStoredViewController.swift in Sources */ = {isa = PBXBuildFile; fileRef = E16F4D9628D1ABD600CEC17A /* BackupStoredViewController.swift */; };
		E16F4D9A28D1ABE200CEC17A /* BackupStoredView.swift in Sources */ = {isa = PBXBuildFile; fileRef = E16F4D9928D1ABE200CEC17A /* BackupStoredView.swift */; };
		E16F4D9C28D1B26C00CEC17A /* UIViewController+Extension.swift in Sources */ = {isa = PBXBuildFile; fileRef = E16F4D9B28D1B26C00CEC17A /* UIViewController+Extension.swift */; };
		E16F4DA528D1CD2C00CEC17A /* OpenLicenseViewController.swift in Sources */ = {isa = PBXBuildFile; fileRef = E16F4DA428D1CD2C00CEC17A /* OpenLicenseViewController.swift */; };
		E16F4DA828D1CD3700CEC17A /* OpenLicenseView.swift in Sources */ = {isa = PBXBuildFile; fileRef = E16F4DA728D1CD3700CEC17A /* OpenLicenseView.swift */; };
		E16F4DAA28D1CD4300CEC17A /* OpenLicenseTableViewCell.swift in Sources */ = {isa = PBXBuildFile; fileRef = E16F4DA928D1CD4300CEC17A /* OpenLicenseTableViewCell.swift */; };
		E16F4DAC28D1CF6700CEC17A /* OpenLicense.swift in Sources */ = {isa = PBXBuildFile; fileRef = E16F4DAB28D1CF6700CEC17A /* OpenLicense.swift */; };
		E16F4DB028D1DA7C00CEC17A /* VersionViewController.swift in Sources */ = {isa = PBXBuildFile; fileRef = E16F4DAF28D1DA7C00CEC17A /* VersionViewController.swift */; };
		E16F4DB328D1DA8900CEC17A /* VersionView.swift in Sources */ = {isa = PBXBuildFile; fileRef = E16F4DB228D1DA8900CEC17A /* VersionView.swift */; };
		E16F4DB528D1E2A300CEC17A /* UILabel.swift in Sources */ = {isa = PBXBuildFile; fileRef = E16F4DB428D1E2A300CEC17A /* UILabel.swift */; };
		E16F4DB828D1E5B700CEC17A /* PageViewController.swift in Sources */ = {isa = PBXBuildFile; fileRef = E16F4DB728D1E5B700CEC17A /* PageViewController.swift */; };
		E16F4DBA28D1E5C100CEC17A /* PageView.swift in Sources */ = {isa = PBXBuildFile; fileRef = E16F4DB928D1E5C100CEC17A /* PageView.swift */; };
		E17E65E328E2B492003D7FE1 /* Font.swift in Sources */ = {isa = PBXBuildFile; fileRef = E17E65E228E2B492003D7FE1 /* Font.swift */; };
		E183E22128E34F0A009DA548 /* DalseoHealingMedium.otf in Resources */ = {isa = PBXBuildFile; fileRef = E183E22028E34F0A009DA548 /* DalseoHealingMedium.otf */; };
		E189E0C628DCD9B000A07311 /* UITextView.swift in Sources */ = {isa = PBXBuildFile; fileRef = E189E0C528DCD9B000A07311 /* UITextView.swift */; };
		E18ABCE428DEC83B0011D6DF /* YPImagePicker in Frameworks */ = {isa = PBXBuildFile; productRef = E18ABCE328DEC83B0011D6DF /* YPImagePicker */; };
		E191978B28DB259B0056AB56 /* Zip in Frameworks */ = {isa = PBXBuildFile; productRef = E191978A28DB259B0056AB56 /* Zip */; };
		E191978E28DB25AB0056AB56 /* SnapKit in Frameworks */ = {isa = PBXBuildFile; productRef = E191978D28DB25AB0056AB56 /* SnapKit */; };
		E1D2ACC628DF9378004E2A75 /* Realm in Frameworks */ = {isa = PBXBuildFile; productRef = E1D2ACC528DF9378004E2A75 /* Realm */; };
		E1D2ACC828DF9378004E2A75 /* RealmSwift in Frameworks */ = {isa = PBXBuildFile; productRef = E1D2ACC728DF9378004E2A75 /* RealmSwift */; };
		E1DC08AF28D7F5520032440A /* PageVC1.swift in Sources */ = {isa = PBXBuildFile; fileRef = E1DC08AE28D7F5520032440A /* PageVC1.swift */; };
		E1DC08B128D7F55D0032440A /* PageVC2.swift in Sources */ = {isa = PBXBuildFile; fileRef = E1DC08B028D7F55D0032440A /* PageVC2.swift */; };
		E1DC08B328D7F5680032440A /* PageVC3.swift in Sources */ = {isa = PBXBuildFile; fileRef = E1DC08B228D7F5680032440A /* PageVC3.swift */; };
		E1DC08B528D8437E0032440A /* Setting.swift in Sources */ = {isa = PBXBuildFile; fileRef = E1DC08B428D8437E0032440A /* Setting.swift */; };
		E1F156DA28CDDD0500500841 /* DetailViewController.swift in Sources */ = {isa = PBXBuildFile; fileRef = E1F156D928CDDD0500500841 /* DetailViewController.swift */; };
		E1F156DD28CDDD1400500841 /* DetailView.swift in Sources */ = {isa = PBXBuildFile; fileRef = E1F156DC28CDDD1400500841 /* DetailView.swift */; };
		E1F156DF28CDF16400500841 /* ImageCollectionViewCell.swift in Sources */ = {isa = PBXBuildFile; fileRef = E1F156DE28CDF16400500841 /* ImageCollectionViewCell.swift */; };
		E1F156E228CDF7D600500841 /* WriteViewController.swift in Sources */ = {isa = PBXBuildFile; fileRef = E1F156E128CDF7D600500841 /* WriteViewController.swift */; };
		E1F156E528CDF7E500500841 /* WriteView.swift in Sources */ = {isa = PBXBuildFile; fileRef = E1F156E428CDF7E500500841 /* WriteView.swift */; };
		E1F156E928CE0ABB00500841 /* WriteCollectionViewCell.swift in Sources */ = {isa = PBXBuildFile; fileRef = E1F156E828CE0ABB00500841 /* WriteCollectionViewCell.swift */; };
		E1F156EB28CE42FF00500841 /* Picker.swift in Sources */ = {isa = PBXBuildFile; fileRef = E1F156EA28CE42FF00500841 /* Picker.swift */; };
		E1FCB0B328CDA0F600C07AA3 /* AppDelegate.swift in Sources */ = {isa = PBXBuildFile; fileRef = E1FCB0B228CDA0F600C07AA3 /* AppDelegate.swift */; };
		E1FCB0B528CDA0F600C07AA3 /* SceneDelegate.swift in Sources */ = {isa = PBXBuildFile; fileRef = E1FCB0B428CDA0F600C07AA3 /* SceneDelegate.swift */; };
		E1FCB0B728CDA0F600C07AA3 /* MainViewController.swift in Sources */ = {isa = PBXBuildFile; fileRef = E1FCB0B628CDA0F600C07AA3 /* MainViewController.swift */; };
		E1FCB0BA28CDA0F600C07AA3 /* Main.storyboard in Resources */ = {isa = PBXBuildFile; fileRef = E1FCB0B828CDA0F600C07AA3 /* Main.storyboard */; };
		E1FCB0BC28CDA0FB00C07AA3 /* Assets.xcassets in Resources */ = {isa = PBXBuildFile; fileRef = E1FCB0BB28CDA0FB00C07AA3 /* Assets.xcassets */; };
		E1FCB0BF28CDA0FB00C07AA3 /* LaunchScreen.storyboard in Resources */ = {isa = PBXBuildFile; fileRef = E1FCB0BD28CDA0FB00C07AA3 /* LaunchScreen.storyboard */; };
		E1FCB0D128CDA24100C07AA3 /* SettingViewController.swift in Sources */ = {isa = PBXBuildFile; fileRef = E1FCB0D028CDA24100C07AA3 /* SettingViewController.swift */; };
		E1FCB0D328CDA25500C07AA3 /* ListViewController.swift in Sources */ = {isa = PBXBuildFile; fileRef = E1FCB0D228CDA25500C07AA3 /* ListViewController.swift */; };
		E1FCB0D528CDA28F00C07AA3 /* SettingView.swift in Sources */ = {isa = PBXBuildFile; fileRef = E1FCB0D428CDA28F00C07AA3 /* SettingView.swift */; };
		E1FCB0D728CDA2A500C07AA3 /* SettingTableViewCell.swift in Sources */ = {isa = PBXBuildFile; fileRef = E1FCB0D628CDA2A500C07AA3 /* SettingTableViewCell.swift */; };
		E1FCB0D928CDA2B600C07AA3 /* ListView.swift in Sources */ = {isa = PBXBuildFile; fileRef = E1FCB0D828CDA2B600C07AA3 /* ListView.swift */; };
		E1FCB0DB28CDA2D800C07AA3 /* ListCollectionViewCell.swift in Sources */ = {isa = PBXBuildFile; fileRef = E1FCB0DA28CDA2D800C07AA3 /* ListCollectionViewCell.swift */; };
		E1FCB0DD28CDA2E800C07AA3 /* MainView.swift in Sources */ = {isa = PBXBuildFile; fileRef = E1FCB0DC28CDA2E800C07AA3 /* MainView.swift */; };
		E1FCB0E228CDA32300C07AA3 /* Color.swift in Sources */ = {isa = PBXBuildFile; fileRef = E1FCB0E128CDA32300C07AA3 /* Color.swift */; };
		E1FCB0E428CDA33900C07AA3 /* BaseView.swift in Sources */ = {isa = PBXBuildFile; fileRef = E1FCB0E328CDA33900C07AA3 /* BaseView.swift */; };
		E1FCB0E628CDA34500C07AA3 /* BaseViewController.swift in Sources */ = {isa = PBXBuildFile; fileRef = E1FCB0E528CDA34500C07AA3 /* BaseViewController.swift */; };
		E1FCB0E828CDA3A000C07AA3 /* BaseTableViewCell.swift in Sources */ = {isa = PBXBuildFile; fileRef = E1FCB0E728CDA3A000C07AA3 /* BaseTableViewCell.swift */; };
		E1FCB0F028CDA56B00C07AA3 /* identifier.swift in Sources */ = {isa = PBXBuildFile; fileRef = E1FCB0EF28CDA56B00C07AA3 /* identifier.swift */; };
		E1FCB0F228CDA58E00C07AA3 /* Transition+Extension.swift in Sources */ = {isa = PBXBuildFile; fileRef = E1FCB0F128CDA58E00C07AA3 /* Transition+Extension.swift */; };
		E1FCB10028CDB20200C07AA3 /* View.swift in Sources */ = {isa = PBXBuildFile; fileRef = E1FCB0FF28CDB20200C07AA3 /* View.swift */; };
/* End PBXBuildFile section */

/* Begin PBXCopyFilesBuildPhase section */
		E142944828D0734600B297D3 /* Embed Frameworks */ = {
			isa = PBXCopyFilesBuildPhase;
			buildActionMask = 2147483647;
			dstPath = "";
			dstSubfolderSpec = 10;
			files = (
			);
			name = "Embed Frameworks";
			runOnlyForDeploymentPostprocessing = 0;
		};
/* End PBXCopyFilesBuildPhase section */

/* Begin PBXFileReference section */
		1387769608B1FD4E97E20182 /* Pods-EggTime.debug.xcconfig */ = {isa = PBXFileReference; includeInIndex = 1; lastKnownFileType = text.xcconfig; name = "Pods-EggTime.debug.xcconfig"; path = "Target Support Files/Pods-EggTime/Pods-EggTime.debug.xcconfig"; sourceTree = "<group>"; };
		3A4BF2660034AC03730AA34F /* Pods-EggTime.release.xcconfig */ = {isa = PBXFileReference; includeInIndex = 1; lastKnownFileType = text.xcconfig; name = "Pods-EggTime.release.xcconfig"; path = "Target Support Files/Pods-EggTime/Pods-EggTime.release.xcconfig"; sourceTree = "<group>"; };
		BC1C32D9D6BB8D454EA2438E /* Pods_EggTime.framework */ = {isa = PBXFileReference; explicitFileType = wrapper.framework; includeInIndex = 0; path = Pods_EggTime.framework; sourceTree = BUILT_PRODUCTS_DIR; };
		E103002B28CEFE6B00922B54 /* RealmRepository.swift */ = {isa = PBXFileReference; lastKnownFileType = sourcecode.swift; path = RealmRepository.swift; sourceTree = "<group>"; };
		E103002D28CEFED900922B54 /* EggTime.swift */ = {isa = PBXFileReference; lastKnownFileType = sourcecode.swift; path = EggTime.swift; sourceTree = "<group>"; };
		E1348D2C28E57F81003C3E9A /* TabBarViewController.swift */ = {isa = PBXFileReference; lastKnownFileType = sourcecode.swift; path = TabBarViewController.swift; sourceTree = "<group>"; };
		E15813CC28DB20F100E359CE /* EggTime.app */ = {isa = PBXFileReference; explicitFileType = wrapper.application; includeInIndex = 0; path = EggTime.app; sourceTree = BUILT_PRODUCTS_DIR; };
		E15FE08428DC15EC00956CA9 /* BaseCollectionViewCell.swift */ = {isa = PBXFileReference; lastKnownFileType = sourcecode.swift; path = BaseCollectionViewCell.swift; sourceTree = "<group>"; };
		E15FE08528DC15EC00956CA9 /* BaseCollectionViewCell.xib */ = {isa = PBXFileReference; lastKnownFileType = file.xib; path = BaseCollectionViewCell.xib; sourceTree = "<group>"; };
		E16F4D8E28D19B6700CEC17A /* MapViewController.swift */ = {isa = PBXFileReference; lastKnownFileType = sourcecode.swift; path = MapViewController.swift; sourceTree = "<group>"; };
		E16F4D9128D19B7F00CEC17A /* MapView.swift */ = {isa = PBXFileReference; lastKnownFileType = sourcecode.swift; path = MapView.swift; sourceTree = "<group>"; };
		E16F4D9628D1ABD600CEC17A /* BackupStoredViewController.swift */ = {isa = PBXFileReference; lastKnownFileType = sourcecode.swift; path = BackupStoredViewController.swift; sourceTree = "<group>"; };
		E16F4D9928D1ABE200CEC17A /* BackupStoredView.swift */ = {isa = PBXFileReference; lastKnownFileType = sourcecode.swift; path = BackupStoredView.swift; sourceTree = "<group>"; };
		E16F4D9B28D1B26C00CEC17A /* UIViewController+Extension.swift */ = {isa = PBXFileReference; lastKnownFileType = sourcecode.swift; path = "UIViewController+Extension.swift"; sourceTree = "<group>"; };
		E16F4DA428D1CD2C00CEC17A /* OpenLicenseViewController.swift */ = {isa = PBXFileReference; lastKnownFileType = sourcecode.swift; path = OpenLicenseViewController.swift; sourceTree = "<group>"; };
		E16F4DA728D1CD3700CEC17A /* OpenLicenseView.swift */ = {isa = PBXFileReference; lastKnownFileType = sourcecode.swift; path = OpenLicenseView.swift; sourceTree = "<group>"; };
		E16F4DA928D1CD4300CEC17A /* OpenLicenseTableViewCell.swift */ = {isa = PBXFileReference; lastKnownFileType = sourcecode.swift; path = OpenLicenseTableViewCell.swift; sourceTree = "<group>"; };
		E16F4DAB28D1CF6700CEC17A /* OpenLicense.swift */ = {isa = PBXFileReference; lastKnownFileType = sourcecode.swift; path = OpenLicense.swift; sourceTree = "<group>"; };
		E16F4DAF28D1DA7C00CEC17A /* VersionViewController.swift */ = {isa = PBXFileReference; lastKnownFileType = sourcecode.swift; path = VersionViewController.swift; sourceTree = "<group>"; };
		E16F4DB228D1DA8900CEC17A /* VersionView.swift */ = {isa = PBXFileReference; lastKnownFileType = sourcecode.swift; path = VersionView.swift; sourceTree = "<group>"; };
		E16F4DB428D1E2A300CEC17A /* UILabel.swift */ = {isa = PBXFileReference; lastKnownFileType = sourcecode.swift; path = UILabel.swift; sourceTree = "<group>"; };
		E16F4DB728D1E5B700CEC17A /* PageViewController.swift */ = {isa = PBXFileReference; lastKnownFileType = sourcecode.swift; path = PageViewController.swift; sourceTree = "<group>"; };
		E16F4DB928D1E5C100CEC17A /* PageView.swift */ = {isa = PBXFileReference; lastKnownFileType = sourcecode.swift; path = PageView.swift; sourceTree = "<group>"; };
		E17E65E228E2B492003D7FE1 /* Font.swift */ = {isa = PBXFileReference; lastKnownFileType = sourcecode.swift; path = Font.swift; sourceTree = "<group>"; };
		E183E22028E34F0A009DA548 /* DalseoHealingMedium.otf */ = {isa = PBXFileReference; lastKnownFileType = file; path = DalseoHealingMedium.otf; sourceTree = "<group>"; };
		E189E0C528DCD9B000A07311 /* UITextView.swift */ = {isa = PBXFileReference; lastKnownFileType = sourcecode.swift; path = UITextView.swift; sourceTree = "<group>"; };
		E1DC08AE28D7F5520032440A /* PageVC1.swift */ = {isa = PBXFileReference; lastKnownFileType = sourcecode.swift; path = PageVC1.swift; sourceTree = "<group>"; };
		E1DC08B028D7F55D0032440A /* PageVC2.swift */ = {isa = PBXFileReference; lastKnownFileType = sourcecode.swift; path = PageVC2.swift; sourceTree = "<group>"; };
		E1DC08B228D7F5680032440A /* PageVC3.swift */ = {isa = PBXFileReference; lastKnownFileType = sourcecode.swift; path = PageVC3.swift; sourceTree = "<group>"; };
		E1DC08B428D8437E0032440A /* Setting.swift */ = {isa = PBXFileReference; fileEncoding = 4; lastKnownFileType = sourcecode.swift; path = Setting.swift; sourceTree = "<group>"; };
		E1F156D928CDDD0500500841 /* DetailViewController.swift */ = {isa = PBXFileReference; lastKnownFileType = sourcecode.swift; path = DetailViewController.swift; sourceTree = "<group>"; };
		E1F156DC28CDDD1400500841 /* DetailView.swift */ = {isa = PBXFileReference; lastKnownFileType = sourcecode.swift; path = DetailView.swift; sourceTree = "<group>"; };
		E1F156DE28CDF16400500841 /* ImageCollectionViewCell.swift */ = {isa = PBXFileReference; lastKnownFileType = sourcecode.swift; path = ImageCollectionViewCell.swift; sourceTree = "<group>"; };
		E1F156E128CDF7D600500841 /* WriteViewController.swift */ = {isa = PBXFileReference; lastKnownFileType = sourcecode.swift; path = WriteViewController.swift; sourceTree = "<group>"; };
		E1F156E428CDF7E500500841 /* WriteView.swift */ = {isa = PBXFileReference; lastKnownFileType = sourcecode.swift; path = WriteView.swift; sourceTree = "<group>"; };
		E1F156E828CE0ABB00500841 /* WriteCollectionViewCell.swift */ = {isa = PBXFileReference; lastKnownFileType = sourcecode.swift; path = WriteCollectionViewCell.swift; sourceTree = "<group>"; };
		E1F156EA28CE42FF00500841 /* Picker.swift */ = {isa = PBXFileReference; lastKnownFileType = sourcecode.swift; path = Picker.swift; sourceTree = "<group>"; };
		E1FCB0B228CDA0F600C07AA3 /* AppDelegate.swift */ = {isa = PBXFileReference; lastKnownFileType = sourcecode.swift; path = AppDelegate.swift; sourceTree = "<group>"; };
		E1FCB0B428CDA0F600C07AA3 /* SceneDelegate.swift */ = {isa = PBXFileReference; lastKnownFileType = sourcecode.swift; path = SceneDelegate.swift; sourceTree = "<group>"; };
		E1FCB0B628CDA0F600C07AA3 /* MainViewController.swift */ = {isa = PBXFileReference; lastKnownFileType = sourcecode.swift; path = MainViewController.swift; sourceTree = "<group>"; };
		E1FCB0B928CDA0F600C07AA3 /* Base */ = {isa = PBXFileReference; lastKnownFileType = file.storyboard; name = Base; path = Base.lproj/Main.storyboard; sourceTree = "<group>"; };
		E1FCB0BB28CDA0FB00C07AA3 /* Assets.xcassets */ = {isa = PBXFileReference; lastKnownFileType = folder.assetcatalog; path = Assets.xcassets; sourceTree = "<group>"; };
		E1FCB0BE28CDA0FB00C07AA3 /* Base */ = {isa = PBXFileReference; lastKnownFileType = file.storyboard; name = Base; path = Base.lproj/LaunchScreen.storyboard; sourceTree = "<group>"; };
		E1FCB0C028CDA0FB00C07AA3 /* Info.plist */ = {isa = PBXFileReference; lastKnownFileType = text.plist.xml; path = Info.plist; sourceTree = "<group>"; };
		E1FCB0D028CDA24100C07AA3 /* SettingViewController.swift */ = {isa = PBXFileReference; lastKnownFileType = sourcecode.swift; name = SettingViewController.swift; path = EggTime/Presentation/Setting/SettingViewController.swift; sourceTree = SOURCE_ROOT; };
		E1FCB0D228CDA25500C07AA3 /* ListViewController.swift */ = {isa = PBXFileReference; lastKnownFileType = sourcecode.swift; path = ListViewController.swift; sourceTree = "<group>"; };
		E1FCB0D428CDA28F00C07AA3 /* SettingView.swift */ = {isa = PBXFileReference; lastKnownFileType = sourcecode.swift; path = SettingView.swift; sourceTree = "<group>"; };
		E1FCB0D628CDA2A500C07AA3 /* SettingTableViewCell.swift */ = {isa = PBXFileReference; lastKnownFileType = sourcecode.swift; path = SettingTableViewCell.swift; sourceTree = "<group>"; };
		E1FCB0D828CDA2B600C07AA3 /* ListView.swift */ = {isa = PBXFileReference; lastKnownFileType = sourcecode.swift; path = ListView.swift; sourceTree = "<group>"; };
		E1FCB0DA28CDA2D800C07AA3 /* ListCollectionViewCell.swift */ = {isa = PBXFileReference; lastKnownFileType = sourcecode.swift; path = ListCollectionViewCell.swift; sourceTree = "<group>"; };
		E1FCB0DC28CDA2E800C07AA3 /* MainView.swift */ = {isa = PBXFileReference; lastKnownFileType = sourcecode.swift; path = MainView.swift; sourceTree = "<group>"; };
		E1FCB0E128CDA32300C07AA3 /* Color.swift */ = {isa = PBXFileReference; lastKnownFileType = sourcecode.swift; path = Color.swift; sourceTree = "<group>"; };
		E1FCB0E328CDA33900C07AA3 /* BaseView.swift */ = {isa = PBXFileReference; lastKnownFileType = sourcecode.swift; path = BaseView.swift; sourceTree = "<group>"; };
		E1FCB0E528CDA34500C07AA3 /* BaseViewController.swift */ = {isa = PBXFileReference; lastKnownFileType = sourcecode.swift; path = BaseViewController.swift; sourceTree = "<group>"; };
		E1FCB0E728CDA3A000C07AA3 /* BaseTableViewCell.swift */ = {isa = PBXFileReference; lastKnownFileType = sourcecode.swift; path = BaseTableViewCell.swift; sourceTree = "<group>"; };
		E1FCB0EF28CDA56B00C07AA3 /* identifier.swift */ = {isa = PBXFileReference; lastKnownFileType = sourcecode.swift; path = identifier.swift; sourceTree = "<group>"; };
		E1FCB0F128CDA58E00C07AA3 /* Transition+Extension.swift */ = {isa = PBXFileReference; lastKnownFileType = sourcecode.swift; path = "Transition+Extension.swift"; sourceTree = "<group>"; };
		E1FCB0FF28CDB20200C07AA3 /* View.swift */ = {isa = PBXFileReference; lastKnownFileType = sourcecode.swift; path = View.swift; sourceTree = "<group>"; };
/* End PBXFileReference section */

/* Begin PBXFrameworksBuildPhase section */
		E1FCB0AC28CDA0F600C07AA3 /* Frameworks */ = {
			isa = PBXFrameworksBuildPhase;
			buildActionMask = 2147483647;
			files = (
				E1D2ACC828DF9378004E2A75 /* RealmSwift in Frameworks */,
				E18ABCE428DEC83B0011D6DF /* YPImagePicker in Frameworks */,
				E191978B28DB259B0056AB56 /* Zip in Frameworks */,
				5C0E29B7C200E44B4F9AEE4D /* Pods_EggTime.framework in Frameworks */,
				E191978E28DB25AB0056AB56 /* SnapKit in Frameworks */,
				E1D2ACC628DF9378004E2A75 /* Realm in Frameworks */,
			);
			runOnlyForDeploymentPostprocessing = 0;
		};
/* End PBXFrameworksBuildPhase section */

/* Begin PBXGroup section */
		1FAB8394D18E3B7A8E893708 /* Pods */ = {
			isa = PBXGroup;
			children = (
				1387769608B1FD4E97E20182 /* Pods-EggTime.debug.xcconfig */,
				3A4BF2660034AC03730AA34F /* Pods-EggTime.release.xcconfig */,
			);
			path = Pods;
			sourceTree = "<group>";
		};
		21C107921BAE6ECAC45B62BB /* Frameworks */ = {
			isa = PBXGroup;
			children = (
				BC1C32D9D6BB8D454EA2438E /* Pods_EggTime.framework */,
			);
			name = Frameworks;
			sourceTree = "<group>";
		};
		E1348D2828E57E2E003C3E9A /* TapBar */ = {
			isa = PBXGroup;
			children = (
				E1348D2C28E57F81003C3E9A /* TabBarViewController.swift */,
			);
			path = TapBar;
			sourceTree = "<group>";
		};
		E16F4D8D28D19B4600CEC17A /* Map */ = {
			isa = PBXGroup;
			children = (
				E16F4D8E28D19B6700CEC17A /* MapViewController.swift */,
				E16F4D9028D19B7200CEC17A /* View */,
			);
			path = Map;
			sourceTree = "<group>";
		};
		E16F4D9028D19B7200CEC17A /* View */ = {
			isa = PBXGroup;
			children = (
				E16F4D9128D19B7F00CEC17A /* MapView.swift */,
			);
			path = View;
			sourceTree = "<group>";
		};
		E16F4D9528D1ABB900CEC17A /* BackupStored */ = {
			isa = PBXGroup;
			children = (
				E16F4D9628D1ABD600CEC17A /* BackupStoredViewController.swift */,
				E16F4D9828D1ABDA00CEC17A /* View */,
			);
			path = BackupStored;
			sourceTree = "<group>";
		};
		E16F4D9828D1ABDA00CEC17A /* View */ = {
			isa = PBXGroup;
			children = (
				E16F4D9928D1ABE200CEC17A /* BackupStoredView.swift */,
			);
			path = View;
			sourceTree = "<group>";
		};
		E16F4DA328D1CD1000CEC17A /* OpenLicense */ = {
			isa = PBXGroup;
			children = (
				E16F4DA428D1CD2C00CEC17A /* OpenLicenseViewController.swift */,
				E16F4DA628D1CD2F00CEC17A /* View */,
			);
			path = OpenLicense;
			sourceTree = "<group>";
		};
		E16F4DA628D1CD2F00CEC17A /* View */ = {
			isa = PBXGroup;
			children = (
				E16F4DA728D1CD3700CEC17A /* OpenLicenseView.swift */,
				E16F4DA928D1CD4300CEC17A /* OpenLicenseTableViewCell.swift */,
			);
			path = View;
			sourceTree = "<group>";
		};
		E16F4DAD28D1CFB400CEC17A /* Enum */ = {
			isa = PBXGroup;
			children = (
				E1DC08B428D8437E0032440A /* Setting.swift */,
				E1F156EA28CE42FF00500841 /* Picker.swift */,
				E16F4DAB28D1CF6700CEC17A /* OpenLicense.swift */,
			);
			path = Enum;
			sourceTree = "<group>";
		};
		E16F4DAE28D1DA6900CEC17A /* Version */ = {
			isa = PBXGroup;
			children = (
				E16F4DAF28D1DA7C00CEC17A /* VersionViewController.swift */,
				E16F4DB128D1DA7F00CEC17A /* View */,
			);
			path = Version;
			sourceTree = "<group>";
		};
		E16F4DB128D1DA7F00CEC17A /* View */ = {
			isa = PBXGroup;
			children = (
				E16F4DB228D1DA8900CEC17A /* VersionView.swift */,
			);
			path = View;
			sourceTree = "<group>";
		};
		E16F4DB628D1E58A00CEC17A /* PageViewController */ = {
			isa = PBXGroup;
			children = (
				E16F4DB728D1E5B700CEC17A /* PageViewController.swift */,
				E16F4DBB28D1E5C400CEC17A /* View */,
				E1DC08AE28D7F5520032440A /* PageVC1.swift */,
				E1DC08B028D7F55D0032440A /* PageVC2.swift */,
				E1DC08B228D7F5680032440A /* PageVC3.swift */,
			);
			path = PageViewController;
			sourceTree = "<group>";
		};
		E16F4DBB28D1E5C400CEC17A /* View */ = {
			isa = PBXGroup;
			children = (
				E16F4DB928D1E5C100CEC17A /* PageView.swift */,
			);
			path = View;
			sourceTree = "<group>";
		};
		E1F156D828CDDCF400500841 /* Detail */ = {
			isa = PBXGroup;
			children = (
				E1F156D928CDDD0500500841 /* DetailViewController.swift */,
				E1F156DB28CDDD0800500841 /* View */,
			);
			path = Detail;
			sourceTree = "<group>";
		};
		E1F156DB28CDDD0800500841 /* View */ = {
			isa = PBXGroup;
			children = (
				E1F156DC28CDDD1400500841 /* DetailView.swift */,
				E1F156DE28CDF16400500841 /* ImageCollectionViewCell.swift */,
			);
			path = View;
			sourceTree = "<group>";
		};
		E1F156E028CDF7C500500841 /* Write */ = {
			isa = PBXGroup;
			children = (
				E1F156E128CDF7D600500841 /* WriteViewController.swift */,
				E1F156E328CDF7D900500841 /* View */,
			);
			path = Write;
			sourceTree = "<group>";
		};
		E1F156E328CDF7D900500841 /* View */ = {
			isa = PBXGroup;
			children = (
				E1F156E428CDF7E500500841 /* WriteView.swift */,
				E1F156E828CE0ABB00500841 /* WriteCollectionViewCell.swift */,
			);
			path = View;
			sourceTree = "<group>";
		};
		E1FCB0A628CDA0F600C07AA3 = {
			isa = PBXGroup;
			children = (
				E183E22028E34F0A009DA548 /* DalseoHealingMedium.otf */,
				E1FCB0B128CDA0F600C07AA3 /* EggTime */,
				1FAB8394D18E3B7A8E893708 /* Pods */,
				21C107921BAE6ECAC45B62BB /* Frameworks */,
				E15813CC28DB20F100E359CE /* EggTime.app */,
			);
			sourceTree = "<group>";
		};
		E1FCB0B128CDA0F600C07AA3 /* EggTime */ = {
			isa = PBXGroup;
			children = (
				E1FCB0C928CDA16200C07AA3 /* Utils */,
				E1FCB0C828CDA15500C07AA3 /* Presentation */,
				E1FCB0C628CDA11B00C07AA3 /* Application */,
				E1FCB0C728CDA14300C07AA3 /* Resource */,
				E1FCB0C028CDA0FB00C07AA3 /* Info.plist */,
			);
			path = EggTime;
			sourceTree = "<group>";
		};
		E1FCB0C628CDA11B00C07AA3 /* Application */ = {
			isa = PBXGroup;
			children = (
				E1FCB0B428CDA0F600C07AA3 /* SceneDelegate.swift */,
				E1FCB0B228CDA0F600C07AA3 /* AppDelegate.swift */,
			);
			path = Application;
			sourceTree = "<group>";
		};
		E1FCB0C728CDA14300C07AA3 /* Resource */ = {
			isa = PBXGroup;
			children = (
				E1FCB0B828CDA0F600C07AA3 /* Main.storyboard */,
				E1FCB0BB28CDA0FB00C07AA3 /* Assets.xcassets */,
				E1FCB0BD28CDA0FB00C07AA3 /* LaunchScreen.storyboard */,
			);
			path = Resource;
			sourceTree = "<group>";
		};
		E1FCB0C828CDA15500C07AA3 /* Presentation */ = {
			isa = PBXGroup;
			children = (
				E1348D2828E57E2E003C3E9A /* TapBar */,
				E16F4DB628D1E58A00CEC17A /* PageViewController */,
				E16F4DAE28D1DA6900CEC17A /* Version */,
				E16F4DA328D1CD1000CEC17A /* OpenLicense */,
				E16F4D9528D1ABB900CEC17A /* BackupStored */,
				E16F4D8D28D19B4600CEC17A /* Map */,
				E1F156E028CDF7C500500841 /* Write */,
				E1F156D828CDDCF400500841 /* Detail */,
				E1FCB0CC28CDA21C00C07AA3 /* Setting */,
				E1FCB0CB28CDA1AA00C07AA3 /* List */,
				E1FCB0CA28CDA1A200C07AA3 /* Main */,
			);
			path = Presentation;
			sourceTree = "<group>";
		};
		E1FCB0C928CDA16200C07AA3 /* Utils */ = {
			isa = PBXGroup;
			children = (
				E16F4DAD28D1CFB400CEC17A /* Enum */,
				E1FCB0EE28CDA55C00C07AA3 /* identifier */,
				E1FCB0ED28CDA55600C07AA3 /* Extension */,
				E1FCB0EC28CDA55000C07AA3 /* Model */,
				E1FCB0EB28CDA44A00C07AA3 /* Network */,
				E1FCB0DF28CDA2F400C07AA3 /* Custom */,
				E1FCB0DE28CDA2F000C07AA3 /* Base */,
			);
			path = Utils;
			sourceTree = "<group>";
		};
		E1FCB0CA28CDA1A200C07AA3 /* Main */ = {
			isa = PBXGroup;
			children = (
				E1FCB0B628CDA0F600C07AA3 /* MainViewController.swift */,
				E1FCB0CD28CDA22900C07AA3 /* View */,
			);
			path = Main;
			sourceTree = "<group>";
		};
		E1FCB0CB28CDA1AA00C07AA3 /* List */ = {
			isa = PBXGroup;
			children = (
				E1FCB0D228CDA25500C07AA3 /* ListViewController.swift */,
				E1FCB0CE28CDA22E00C07AA3 /* View */,
			);
			path = List;
			sourceTree = "<group>";
		};
		E1FCB0CC28CDA21C00C07AA3 /* Setting */ = {
			isa = PBXGroup;
			children = (
				E1FCB0D028CDA24100C07AA3 /* SettingViewController.swift */,
				E1FCB0CF28CDA23200C07AA3 /* View */,
			);
			path = Setting;
			sourceTree = "<group>";
		};
		E1FCB0CD28CDA22900C07AA3 /* View */ = {
			isa = PBXGroup;
			children = (
				E1FCB0DC28CDA2E800C07AA3 /* MainView.swift */,
			);
			path = View;
			sourceTree = "<group>";
		};
		E1FCB0CE28CDA22E00C07AA3 /* View */ = {
			isa = PBXGroup;
			children = (
				E1FCB0D828CDA2B600C07AA3 /* ListView.swift */,
				E1FCB0DA28CDA2D800C07AA3 /* ListCollectionViewCell.swift */,
			);
			path = View;
			sourceTree = "<group>";
		};
		E1FCB0CF28CDA23200C07AA3 /* View */ = {
			isa = PBXGroup;
			children = (
				E1FCB0D428CDA28F00C07AA3 /* SettingView.swift */,
				E1FCB0D628CDA2A500C07AA3 /* SettingTableViewCell.swift */,
			);
			path = View;
			sourceTree = "<group>";
		};
		E1FCB0DE28CDA2F000C07AA3 /* Base */ = {
			isa = PBXGroup;
			children = (
				E1FCB0E328CDA33900C07AA3 /* BaseView.swift */,
				E1FCB0E528CDA34500C07AA3 /* BaseViewController.swift */,
				E1FCB0E728CDA3A000C07AA3 /* BaseTableViewCell.swift */,
				E15FE08428DC15EC00956CA9 /* BaseCollectionViewCell.swift */,
				E15FE08528DC15EC00956CA9 /* BaseCollectionViewCell.xib */,
			);
			path = Base;
			sourceTree = "<group>";
		};
		E1FCB0DF28CDA2F400C07AA3 /* Custom */ = {
			isa = PBXGroup;
			children = (
				E1FCB0E128CDA32300C07AA3 /* Color.swift */,
				E1FCB0FF28CDB20200C07AA3 /* View.swift */,
				E16F4DB428D1E2A300CEC17A /* UILabel.swift */,
				E17E65E228E2B492003D7FE1 /* Font.swift */,
			);
			path = Custom;
			sourceTree = "<group>";
		};
		E1FCB0EB28CDA44A00C07AA3 /* Network */ = {
			isa = PBXGroup;
			children = (
			);
			path = Network;
			sourceTree = "<group>";
		};
		E1FCB0EC28CDA55000C07AA3 /* Model */ = {
			isa = PBXGroup;
			children = (
				E103002B28CEFE6B00922B54 /* RealmRepository.swift */,
				E103002D28CEFED900922B54 /* EggTime.swift */,
			);
			path = Model;
			sourceTree = "<group>";
		};
		E1FCB0ED28CDA55600C07AA3 /* Extension */ = {
			isa = PBXGroup;
			children = (
				E1FCB0F128CDA58E00C07AA3 /* Transition+Extension.swift */,
				E16F4D9B28D1B26C00CEC17A /* UIViewController+Extension.swift */,
				E189E0C528DCD9B000A07311 /* UITextView.swift */,
			);
			path = Extension;
			sourceTree = "<group>";
		};
		E1FCB0EE28CDA55C00C07AA3 /* identifier */ = {
			isa = PBXGroup;
			children = (
				E1FCB0EF28CDA56B00C07AA3 /* identifier.swift */,
			);
			path = identifier;
			sourceTree = "<group>";
		};
/* End PBXGroup section */

/* Begin PBXNativeTarget section */
		E1FCB0AE28CDA0F600C07AA3 /* EggTime */ = {
			isa = PBXNativeTarget;
			buildConfigurationList = E1FCB0C328CDA0FB00C07AA3 /* Build configuration list for PBXNativeTarget "EggTime" */;
			buildPhases = (
				EE21D417FBE24D4C4D0253AB /* [CP] Check Pods Manifest.lock */,
				E1FCB0AB28CDA0F600C07AA3 /* Sources */,
				E1FCB0AC28CDA0F600C07AA3 /* Frameworks */,
				E1FCB0AD28CDA0F600C07AA3 /* Resources */,
				475D11CB728A79A2B89D41AA /* [CP] Embed Pods Frameworks */,
				E142944828D0734600B297D3 /* Embed Frameworks */,
			);
			buildRules = (
			);
			dependencies = (
			);
			name = EggTime;
			packageProductDependencies = (
				E191978A28DB259B0056AB56 /* Zip */,
				E191978D28DB25AB0056AB56 /* SnapKit */,
				E18ABCE328DEC83B0011D6DF /* YPImagePicker */,
				E1D2ACC528DF9378004E2A75 /* Realm */,
				E1D2ACC728DF9378004E2A75 /* RealmSwift */,
			);
			productName = EggTime;
			productReference = E15813CC28DB20F100E359CE /* EggTime.app */;
			productType = "com.apple.product-type.application";
		};
/* End PBXNativeTarget section */

/* Begin PBXProject section */
		E1FCB0A728CDA0F600C07AA3 /* Project object */ = {
			isa = PBXProject;
			attributes = {
				BuildIndependentTargetsInParallel = 1;
				LastSwiftUpdateCheck = 1340;
				LastUpgradeCheck = 1340;
				TargetAttributes = {
					E1FCB0AE28CDA0F600C07AA3 = {
						CreatedOnToolsVersion = 13.4.1;
					};
				};
			};
			buildConfigurationList = E1FCB0AA28CDA0F600C07AA3 /* Build configuration list for PBXProject "EggTime" */;
			compatibilityVersion = "Xcode 13.0";
			developmentRegion = en;
			hasScannedForEncodings = 0;
			knownRegions = (
				en,
				Base,
			);
			mainGroup = E1FCB0A628CDA0F600C07AA3;
			packageReferences = (
				E191978928DB259B0056AB56 /* XCRemoteSwiftPackageReference "Zip" */,
				E191978C28DB25AB0056AB56 /* XCRemoteSwiftPackageReference "SnapKit" */,
				E18ABCE228DEC83B0011D6DF /* XCRemoteSwiftPackageReference "YPImagePicker" */,
				E1D2ACC428DF9378004E2A75 /* XCRemoteSwiftPackageReference "realm-swift" */,
			);
			productRefGroup = E1FCB0A628CDA0F600C07AA3;
			projectDirPath = "";
			projectRoot = "";
			targets = (
				E1FCB0AE28CDA0F600C07AA3 /* EggTime */,
			);
		};
/* End PBXProject section */

/* Begin PBXResourcesBuildPhase section */
		E1FCB0AD28CDA0F600C07AA3 /* Resources */ = {
			isa = PBXResourcesBuildPhase;
			buildActionMask = 2147483647;
			files = (
				E1FCB0BF28CDA0FB00C07AA3 /* LaunchScreen.storyboard in Resources */,
				E15FE08728DC15EC00956CA9 /* BaseCollectionViewCell.xib in Resources */,
				E1FCB0BC28CDA0FB00C07AA3 /* Assets.xcassets in Resources */,
				E1FCB0BA28CDA0F600C07AA3 /* Main.storyboard in Resources */,
				E183E22128E34F0A009DA548 /* DalseoHealingMedium.otf in Resources */,
			);
			runOnlyForDeploymentPostprocessing = 0;
		};
/* End PBXResourcesBuildPhase section */

/* Begin PBXShellScriptBuildPhase section */
		475D11CB728A79A2B89D41AA /* [CP] Embed Pods Frameworks */ = {
			isa = PBXShellScriptBuildPhase;
			buildActionMask = 2147483647;
			files = (
			);
			inputFileListPaths = (
				"${PODS_ROOT}/Target Support Files/Pods-EggTime/Pods-EggTime-frameworks-${CONFIGURATION}-input-files.xcfilelist",
			);
			name = "[CP] Embed Pods Frameworks";
			outputFileListPaths = (
				"${PODS_ROOT}/Target Support Files/Pods-EggTime/Pods-EggTime-frameworks-${CONFIGURATION}-output-files.xcfilelist",
			);
			runOnlyForDeploymentPostprocessing = 0;
			shellPath = /bin/sh;
			shellScript = "\"${PODS_ROOT}/Target Support Files/Pods-EggTime/Pods-EggTime-frameworks.sh\"\n";
			showEnvVarsInLog = 0;
		};
		EE21D417FBE24D4C4D0253AB /* [CP] Check Pods Manifest.lock */ = {
			isa = PBXShellScriptBuildPhase;
			buildActionMask = 2147483647;
			files = (
			);
			inputFileListPaths = (
			);
			inputPaths = (
				"${PODS_PODFILE_DIR_PATH}/Podfile.lock",
				"${PODS_ROOT}/Manifest.lock",
			);
			name = "[CP] Check Pods Manifest.lock";
			outputFileListPaths = (
			);
			outputPaths = (
				"$(DERIVED_FILE_DIR)/Pods-EggTime-checkManifestLockResult.txt",
			);
			runOnlyForDeploymentPostprocessing = 0;
			shellPath = /bin/sh;
			shellScript = "diff \"${PODS_PODFILE_DIR_PATH}/Podfile.lock\" \"${PODS_ROOT}/Manifest.lock\" > /dev/null\nif [ $? != 0 ] ; then\n    # print error to STDERR\n    echo \"error: The sandbox is not in sync with the Podfile.lock. Run 'pod install' or update your CocoaPods installation.\" >&2\n    exit 1\nfi\n# This output is used by Xcode 'outputs' to avoid re-running this script phase.\necho \"SUCCESS\" > \"${SCRIPT_OUTPUT_FILE_0}\"\n";
			showEnvVarsInLog = 0;
		};
/* End PBXShellScriptBuildPhase section */

/* Begin PBXSourcesBuildPhase section */
		E1FCB0AB28CDA0F600C07AA3 /* Sources */ = {
			isa = PBXSourcesBuildPhase;
			buildActionMask = 2147483647;
			files = (
				E1F156E228CDF7D600500841 /* WriteViewController.swift in Sources */,
				E103002C28CEFE6B00922B54 /* RealmRepository.swift in Sources */,
				E1F156EB28CE42FF00500841 /* Picker.swift in Sources */,
				E1FCB0E628CDA34500C07AA3 /* BaseViewController.swift in Sources */,
				E1F156E928CE0ABB00500841 /* WriteCollectionViewCell.swift in Sources */,
				E1FCB0DB28CDA2D800C07AA3 /* ListCollectionViewCell.swift in Sources */,
				E1DC08B528D8437E0032440A /* Setting.swift in Sources */,
				E16F4D9228D19B7F00CEC17A /* MapView.swift in Sources */,
				E16F4DAA28D1CD4300CEC17A /* OpenLicenseTableViewCell.swift in Sources */,
				E16F4D9C28D1B26C00CEC17A /* UIViewController+Extension.swift in Sources */,
				E1F156DF28CDF16400500841 /* ImageCollectionViewCell.swift in Sources */,
				E16F4DBA28D1E5C100CEC17A /* PageView.swift in Sources */,
				E1FCB0D928CDA2B600C07AA3 /* ListView.swift in Sources */,
				E1FCB0E228CDA32300C07AA3 /* Color.swift in Sources */,
				E1FCB0E828CDA3A000C07AA3 /* BaseTableViewCell.swift in Sources */,
				E1FCB10028CDB20200C07AA3 /* View.swift in Sources */,
				E1DC08B128D7F55D0032440A /* PageVC2.swift in Sources */,
				E1DC08B328D7F5680032440A /* PageVC3.swift in Sources */,
				E16F4DB828D1E5B700CEC17A /* PageViewController.swift in Sources */,
				E16F4DB028D1DA7C00CEC17A /* VersionViewController.swift in Sources */,
				E16F4DB528D1E2A300CEC17A /* UILabel.swift in Sources */,
				E1F156DD28CDDD1400500841 /* DetailView.swift in Sources */,
				E1FCB0E428CDA33900C07AA3 /* BaseView.swift in Sources */,
				E16F4DA828D1CD3700CEC17A /* OpenLicenseView.swift in Sources */,
				E1348D2D28E57F81003C3E9A /* TabBarViewController.swift in Sources */,
				E16F4DAC28D1CF6700CEC17A /* OpenLicense.swift in Sources */,
				E1DC08AF28D7F5520032440A /* PageVC1.swift in Sources */,
				E1FCB0B728CDA0F600C07AA3 /* MainViewController.swift in Sources */,
				E16F4D9728D1ABD600CEC17A /* BackupStoredViewController.swift in Sources */,
				E16F4DA528D1CD2C00CEC17A /* OpenLicenseViewController.swift in Sources */,
				E1FCB0DD28CDA2E800C07AA3 /* MainView.swift in Sources */,
				E17E65E328E2B492003D7FE1 /* Font.swift in Sources */,
				E1FCB0B328CDA0F600C07AA3 /* AppDelegate.swift in Sources */,
				E1F156DA28CDDD0500500841 /* DetailViewController.swift in Sources */,
				E1FCB0D728CDA2A500C07AA3 /* SettingTableViewCell.swift in Sources */,
				E1F156E528CDF7E500500841 /* WriteView.swift in Sources */,
				E16F4DB328D1DA8900CEC17A /* VersionView.swift in Sources */,
				E16F4D9A28D1ABE200CEC17A /* BackupStoredView.swift in Sources */,
				E103002E28CEFED900922B54 /* EggTime.swift in Sources */,
				E1FCB0B528CDA0F600C07AA3 /* SceneDelegate.swift in Sources */,
				E15FE08628DC15EC00956CA9 /* BaseCollectionViewCell.swift in Sources */,
				E189E0C628DCD9B000A07311 /* UITextView.swift in Sources */,
				E1FCB0D528CDA28F00C07AA3 /* SettingView.swift in Sources */,
				E1FCB0D328CDA25500C07AA3 /* ListViewController.swift in Sources */,
				E1FCB0F228CDA58E00C07AA3 /* Transition+Extension.swift in Sources */,
				E1FCB0F028CDA56B00C07AA3 /* identifier.swift in Sources */,
				E1FCB0D128CDA24100C07AA3 /* SettingViewController.swift in Sources */,
				E16F4D8F28D19B6700CEC17A /* MapViewController.swift in Sources */,
			);
			runOnlyForDeploymentPostprocessing = 0;
		};
/* End PBXSourcesBuildPhase section */

/* Begin PBXVariantGroup section */
		E1FCB0B828CDA0F600C07AA3 /* Main.storyboard */ = {
			isa = PBXVariantGroup;
			children = (
				E1FCB0B928CDA0F600C07AA3 /* Base */,
			);
			name = Main.storyboard;
			sourceTree = "<group>";
		};
		E1FCB0BD28CDA0FB00C07AA3 /* LaunchScreen.storyboard */ = {
			isa = PBXVariantGroup;
			children = (
				E1FCB0BE28CDA0FB00C07AA3 /* Base */,
			);
			name = LaunchScreen.storyboard;
			sourceTree = "<group>";
		};
/* End PBXVariantGroup section */

/* Begin XCBuildConfiguration section */
		E1FCB0C128CDA0FB00C07AA3 /* Debug */ = {
			isa = XCBuildConfiguration;
			buildSettings = {
				ALWAYS_SEARCH_USER_PATHS = NO;
				CLANG_ANALYZER_NONNULL = YES;
				CLANG_ANALYZER_NUMBER_OBJECT_CONVERSION = YES_AGGRESSIVE;
				CLANG_CXX_LANGUAGE_STANDARD = "gnu++17";
				CLANG_ENABLE_MODULES = YES;
				CLANG_ENABLE_OBJC_ARC = YES;
				CLANG_ENABLE_OBJC_WEAK = YES;
				CLANG_WARN_BLOCK_CAPTURE_AUTORELEASING = YES;
				CLANG_WARN_BOOL_CONVERSION = YES;
				CLANG_WARN_COMMA = YES;
				CLANG_WARN_CONSTANT_CONVERSION = YES;
				CLANG_WARN_DEPRECATED_OBJC_IMPLEMENTATIONS = YES;
				CLANG_WARN_DIRECT_OBJC_ISA_USAGE = YES_ERROR;
				CLANG_WARN_DOCUMENTATION_COMMENTS = YES;
				CLANG_WARN_EMPTY_BODY = YES;
				CLANG_WARN_ENUM_CONVERSION = YES;
				CLANG_WARN_INFINITE_RECURSION = YES;
				CLANG_WARN_INT_CONVERSION = YES;
				CLANG_WARN_NON_LITERAL_NULL_CONVERSION = YES;
				CLANG_WARN_OBJC_IMPLICIT_RETAIN_SELF = YES;
				CLANG_WARN_OBJC_LITERAL_CONVERSION = YES;
				CLANG_WARN_OBJC_ROOT_CLASS = YES_ERROR;
				CLANG_WARN_QUOTED_INCLUDE_IN_FRAMEWORK_HEADER = YES;
				CLANG_WARN_RANGE_LOOP_ANALYSIS = YES;
				CLANG_WARN_STRICT_PROTOTYPES = YES;
				CLANG_WARN_SUSPICIOUS_MOVE = YES;
				CLANG_WARN_UNGUARDED_AVAILABILITY = YES_AGGRESSIVE;
				CLANG_WARN_UNREACHABLE_CODE = YES;
				CLANG_WARN__DUPLICATE_METHOD_MATCH = YES;
				COPY_PHASE_STRIP = NO;
				DEBUG_INFORMATION_FORMAT = dwarf;
				ENABLE_STRICT_OBJC_MSGSEND = YES;
				ENABLE_TESTABILITY = YES;
				GCC_C_LANGUAGE_STANDARD = gnu11;
				GCC_DYNAMIC_NO_PIC = NO;
				GCC_NO_COMMON_BLOCKS = YES;
				GCC_OPTIMIZATION_LEVEL = 0;
				GCC_PREPROCESSOR_DEFINITIONS = (
					"DEBUG=1",
					"$(inherited)",
				);
				GCC_WARN_64_TO_32_BIT_CONVERSION = YES;
				GCC_WARN_ABOUT_RETURN_TYPE = YES_ERROR;
				GCC_WARN_UNDECLARED_SELECTOR = YES;
				GCC_WARN_UNINITIALIZED_AUTOS = YES_AGGRESSIVE;
				GCC_WARN_UNUSED_FUNCTION = YES;
				GCC_WARN_UNUSED_VARIABLE = YES;
				IPHONEOS_DEPLOYMENT_TARGET = 15.5;
				MTL_ENABLE_DEBUG_INFO = INCLUDE_SOURCE;
				MTL_FAST_MATH = YES;
				ONLY_ACTIVE_ARCH = YES;
				SDKROOT = iphoneos;
				SWIFT_ACTIVE_COMPILATION_CONDITIONS = DEBUG;
				SWIFT_OPTIMIZATION_LEVEL = "-Onone";
			};
			name = Debug;
		};
		E1FCB0C228CDA0FB00C07AA3 /* Release */ = {
			isa = XCBuildConfiguration;
			buildSettings = {
				ALWAYS_SEARCH_USER_PATHS = NO;
				CLANG_ANALYZER_NONNULL = YES;
				CLANG_ANALYZER_NUMBER_OBJECT_CONVERSION = YES_AGGRESSIVE;
				CLANG_CXX_LANGUAGE_STANDARD = "gnu++17";
				CLANG_ENABLE_MODULES = YES;
				CLANG_ENABLE_OBJC_ARC = YES;
				CLANG_ENABLE_OBJC_WEAK = YES;
				CLANG_WARN_BLOCK_CAPTURE_AUTORELEASING = YES;
				CLANG_WARN_BOOL_CONVERSION = YES;
				CLANG_WARN_COMMA = YES;
				CLANG_WARN_CONSTANT_CONVERSION = YES;
				CLANG_WARN_DEPRECATED_OBJC_IMPLEMENTATIONS = YES;
				CLANG_WARN_DIRECT_OBJC_ISA_USAGE = YES_ERROR;
				CLANG_WARN_DOCUMENTATION_COMMENTS = YES;
				CLANG_WARN_EMPTY_BODY = YES;
				CLANG_WARN_ENUM_CONVERSION = YES;
				CLANG_WARN_INFINITE_RECURSION = YES;
				CLANG_WARN_INT_CONVERSION = YES;
				CLANG_WARN_NON_LITERAL_NULL_CONVERSION = YES;
				CLANG_WARN_OBJC_IMPLICIT_RETAIN_SELF = YES;
				CLANG_WARN_OBJC_LITERAL_CONVERSION = YES;
				CLANG_WARN_OBJC_ROOT_CLASS = YES_ERROR;
				CLANG_WARN_QUOTED_INCLUDE_IN_FRAMEWORK_HEADER = YES;
				CLANG_WARN_RANGE_LOOP_ANALYSIS = YES;
				CLANG_WARN_STRICT_PROTOTYPES = YES;
				CLANG_WARN_SUSPICIOUS_MOVE = YES;
				CLANG_WARN_UNGUARDED_AVAILABILITY = YES_AGGRESSIVE;
				CLANG_WARN_UNREACHABLE_CODE = YES;
				CLANG_WARN__DUPLICATE_METHOD_MATCH = YES;
				COPY_PHASE_STRIP = NO;
				DEBUG_INFORMATION_FORMAT = "dwarf-with-dsym";
				ENABLE_NS_ASSERTIONS = NO;
				ENABLE_STRICT_OBJC_MSGSEND = YES;
				GCC_C_LANGUAGE_STANDARD = gnu11;
				GCC_NO_COMMON_BLOCKS = YES;
				GCC_WARN_64_TO_32_BIT_CONVERSION = YES;
				GCC_WARN_ABOUT_RETURN_TYPE = YES_ERROR;
				GCC_WARN_UNDECLARED_SELECTOR = YES;
				GCC_WARN_UNINITIALIZED_AUTOS = YES_AGGRESSIVE;
				GCC_WARN_UNUSED_FUNCTION = YES;
				GCC_WARN_UNUSED_VARIABLE = YES;
				IPHONEOS_DEPLOYMENT_TARGET = 15.5;
				MTL_ENABLE_DEBUG_INFO = NO;
				MTL_FAST_MATH = YES;
				ONLY_ACTIVE_ARCH = YES;
				SDKROOT = iphoneos;
				SWIFT_COMPILATION_MODE = wholemodule;
				SWIFT_OPTIMIZATION_LEVEL = "-O";
				VALIDATE_PRODUCT = YES;
			};
			name = Release;
		};
		E1FCB0C428CDA0FB00C07AA3 /* Debug */ = {
			isa = XCBuildConfiguration;
			baseConfigurationReference = 1387769608B1FD4E97E20182 /* Pods-EggTime.debug.xcconfig */;
			buildSettings = {
				ASSETCATALOG_COMPILER_APPICON_NAME = AppIcon;
				ASSETCATALOG_COMPILER_GLOBAL_ACCENT_COLOR_NAME = AccentColor;
				CODE_SIGN_STYLE = Automatic;
				CURRENT_PROJECT_VERSION = 1;
				DEVELOPMENT_TEAM = 5MHUF29PV8;
				GENERATE_INFOPLIST_FILE = YES;
				INFOPLIST_FILE = EggTime/Info.plist;
				INFOPLIST_KEY_NSCameraUsageDescription = "카메라 사용을 허용해주세용";
				INFOPLIST_KEY_NSLocationAlwaysAndWhenInUseUsageDescription = "";
				INFOPLIST_KEY_NSLocationAlwaysUsageDescription = "";
				INFOPLIST_KEY_NSLocationWhenInUseUsageDescription = "앱을 열때마다 위치주소 가져오기 허용, 네이버 지도에서 마커와 현위치를 표시하기위해 위치정보가 사용됩니다.";
				INFOPLIST_KEY_NSPhotoLibraryUsageDescription = "사진 앨범 가져오게 해주세용";
				INFOPLIST_KEY_UIApplicationSupportsIndirectInputEvents = YES;
				INFOPLIST_KEY_UILaunchStoryboardName = LaunchScreen;
				INFOPLIST_KEY_UIMainStoryboardFile = Main;
				INFOPLIST_KEY_UISupportedInterfaceOrientations = "UIInterfaceOrientationPortrait UIInterfaceOrientationLandscapeLeft UIInterfaceOrientationLandscapeRight UIInterfaceOrientationPortraitUpsideDown";
				INFOPLIST_KEY_UISupportedInterfaceOrientations_iPad = "UIInterfaceOrientationPortrait UIInterfaceOrientationPortraitUpsideDown UIInterfaceOrientationLandscapeLeft UIInterfaceOrientationLandscapeRight";
				INFOPLIST_KEY_UISupportedInterfaceOrientations_iPhone = "UIInterfaceOrientationPortrait UIInterfaceOrientationLandscapeRight UIInterfaceOrientationLandscapeLeft UIInterfaceOrientationPortraitUpsideDown";
				IPHONEOS_DEPLOYMENT_TARGET = 14.0;
				LD_RUNPATH_SEARCH_PATHS = (
					"$(inherited)",
					"@executable_path/Frameworks",
				);
				MARKETING_VERSION = 1.0;
				PRODUCT_BUNDLE_IDENTIFIER = com.sesac.EggTime;
				PRODUCT_NAME = "$(TARGET_NAME)";
				SWIFT_EMIT_LOC_STRINGS = YES;
				SWIFT_VERSION = 5.0;
				TARGETED_DEVICE_FAMILY = 1;
			};
			name = Debug;
		};
		E1FCB0C528CDA0FB00C07AA3 /* Release */ = {
			isa = XCBuildConfiguration;
			baseConfigurationReference = 3A4BF2660034AC03730AA34F /* Pods-EggTime.release.xcconfig */;
			buildSettings = {
				ASSETCATALOG_COMPILER_APPICON_NAME = AppIcon;
				ASSETCATALOG_COMPILER_GLOBAL_ACCENT_COLOR_NAME = AccentColor;
				CODE_SIGN_STYLE = Automatic;
				CURRENT_PROJECT_VERSION = 1;
				DEVELOPMENT_TEAM = 5MHUF29PV8;
				GENERATE_INFOPLIST_FILE = YES;
				INFOPLIST_FILE = EggTime/Info.plist;
				INFOPLIST_KEY_NSCameraUsageDescription = "카메라 사용을 허용해주세용";
				INFOPLIST_KEY_NSLocationAlwaysAndWhenInUseUsageDescription = "";
				INFOPLIST_KEY_NSLocationAlwaysUsageDescription = "";
				INFOPLIST_KEY_NSLocationWhenInUseUsageDescription = "앱을 열때마다 위치주소 가져오기 허용, 네이버 지도에서 마커와 현위치를 표시하기위해 위치정보가 사용됩니다.";
				INFOPLIST_KEY_NSPhotoLibraryUsageDescription = "사진 앨범 가져오게 해주세용";
				INFOPLIST_KEY_UIApplicationSupportsIndirectInputEvents = YES;
				INFOPLIST_KEY_UILaunchStoryboardName = LaunchScreen;
				INFOPLIST_KEY_UIMainStoryboardFile = Main;
				INFOPLIST_KEY_UISupportedInterfaceOrientations = "UIInterfaceOrientationPortrait UIInterfaceOrientationLandscapeLeft UIInterfaceOrientationLandscapeRight UIInterfaceOrientationPortraitUpsideDown";
				INFOPLIST_KEY_UISupportedInterfaceOrientations_iPad = "UIInterfaceOrientationPortrait UIInterfaceOrientationPortraitUpsideDown UIInterfaceOrientationLandscapeLeft UIInterfaceOrientationLandscapeRight";
				INFOPLIST_KEY_UISupportedInterfaceOrientations_iPhone = "UIInterfaceOrientationPortrait UIInterfaceOrientationLandscapeRight UIInterfaceOrientationLandscapeLeft UIInterfaceOrientationPortraitUpsideDown";
				IPHONEOS_DEPLOYMENT_TARGET = 14.0;
				LD_RUNPATH_SEARCH_PATHS = (
					"$(inherited)",
					"@executable_path/Frameworks",
				);
				MARKETING_VERSION = 1.0;
				PRODUCT_BUNDLE_IDENTIFIER = com.sesac.EggTime;
				PRODUCT_NAME = "$(TARGET_NAME)";
				SWIFT_EMIT_LOC_STRINGS = YES;
				SWIFT_VERSION = 5.0;
				TARGETED_DEVICE_FAMILY = 1;
			};
			name = Release;
		};
/* End XCBuildConfiguration section */

/* Begin XCConfigurationList section */
		E1FCB0AA28CDA0F600C07AA3 /* Build configuration list for PBXProject "EggTime" */ = {
			isa = XCConfigurationList;
			buildConfigurations = (
				E1FCB0C128CDA0FB00C07AA3 /* Debug */,
				E1FCB0C228CDA0FB00C07AA3 /* Release */,
			);
			defaultConfigurationIsVisible = 0;
			defaultConfigurationName = Release;
		};
		E1FCB0C328CDA0FB00C07AA3 /* Build configuration list for PBXNativeTarget "EggTime" */ = {
			isa = XCConfigurationList;
			buildConfigurations = (
				E1FCB0C428CDA0FB00C07AA3 /* Debug */,
				E1FCB0C528CDA0FB00C07AA3 /* Release */,
			);
			defaultConfigurationIsVisible = 0;
			defaultConfigurationName = Release;
		};
/* End XCConfigurationList section */

/* Begin XCRemoteSwiftPackageReference section */
		E18ABCE228DEC83B0011D6DF /* XCRemoteSwiftPackageReference "YPImagePicker" */ = {
			isa = XCRemoteSwiftPackageReference;
			repositoryURL = "https://github.com/Yummypets/YPImagePicker.git";
			requirement = {
				kind = upToNextMajorVersion;
				minimumVersion = 5.0.0;
			};
		};
		E191978928DB259B0056AB56 /* XCRemoteSwiftPackageReference "Zip" */ = {
			isa = XCRemoteSwiftPackageReference;
			repositoryURL = "https://github.com/marmelroy/Zip.git";
			requirement = {
				kind = upToNextMajorVersion;
				minimumVersion = 2.0.0;
			};
		};
		E191978C28DB25AB0056AB56 /* XCRemoteSwiftPackageReference "SnapKit" */ = {
			isa = XCRemoteSwiftPackageReference;
			repositoryURL = "https://github.com/SnapKit/SnapKit.git";
			requirement = {
				kind = upToNextMajorVersion;
				minimumVersion = 5.0.0;
			};
		};
		E1D2ACC428DF9378004E2A75 /* XCRemoteSwiftPackageReference "realm-swift" */ = {
			isa = XCRemoteSwiftPackageReference;
			repositoryURL = "https://github.com/realm/realm-swift.git";
			requirement = {
				branch = master;
				kind = branch;
			};
		};
/* End XCRemoteSwiftPackageReference section */

/* Begin XCSwiftPackageProductDependency section */
		E18ABCE328DEC83B0011D6DF /* YPImagePicker */ = {
			isa = XCSwiftPackageProductDependency;
			package = E18ABCE228DEC83B0011D6DF /* XCRemoteSwiftPackageReference "YPImagePicker" */;
			productName = YPImagePicker;
		};
		E191978A28DB259B0056AB56 /* Zip */ = {
			isa = XCSwiftPackageProductDependency;
			package = E191978928DB259B0056AB56 /* XCRemoteSwiftPackageReference "Zip" */;
			productName = Zip;
		};
		E191978D28DB25AB0056AB56 /* SnapKit */ = {
			isa = XCSwiftPackageProductDependency;
			package = E191978C28DB25AB0056AB56 /* XCRemoteSwiftPackageReference "SnapKit" */;
			productName = SnapKit;
		};
		E1D2ACC528DF9378004E2A75 /* Realm */ = {
			isa = XCSwiftPackageProductDependency;
			package = E1D2ACC428DF9378004E2A75 /* XCRemoteSwiftPackageReference "realm-swift" */;
			productName = Realm;
		};
		E1D2ACC728DF9378004E2A75 /* RealmSwift */ = {
			isa = XCSwiftPackageProductDependency;
			package = E1D2ACC428DF9378004E2A75 /* XCRemoteSwiftPackageReference "realm-swift" */;
			productName = RealmSwift;
		};
/* End XCSwiftPackageProductDependency section */
	};
	rootObject = E1FCB0A728CDA0F600C07AA3 /* Project object */;
}
