// !$*UTF8*$!
{
	archiveVersion = 1;
	classes = {
	};
	objectVersion = 55;
	objects = {

/* Begin PBXBuildFile section */
		E103002C28CEFE6B00922B54 /* RealmRepository.swift in Sources */ = {isa = PBXBuildFile; fileRef = E103002B28CEFE6B00922B54 /* RealmRepository.swift */; };
		E103002E28CEFED900922B54 /* EggTime.swift in Sources */ = {isa = PBXBuildFile; fileRef = E103002D28CEFED900922B54 /* EggTime.swift */; };
		E155FB3A28D0537F007ED02D /* Realm in Frameworks */ = {isa = PBXBuildFile; productRef = E155FB3928D0537F007ED02D /* Realm */; };
		E155FB3C28D0537F007ED02D /* RealmSwift in Frameworks */ = {isa = PBXBuildFile; productRef = E155FB3B28D0537F007ED02D /* RealmSwift */; };
		E155FB3F28D0551A007ED02D /* SnapKit in Frameworks */ = {isa = PBXBuildFile; productRef = E155FB3E28D0551A007ED02D /* SnapKit */; };
		E16F4D8F28D19B6700CEC17A /* MapViewController.swift in Sources */ = {isa = PBXBuildFile; fileRef = E16F4D8E28D19B6700CEC17A /* MapViewController.swift */; };
		E16F4D9228D19B7F00CEC17A /* MapView.swift in Sources */ = {isa = PBXBuildFile; fileRef = E16F4D9128D19B7F00CEC17A /* MapView.swift */; };
		E16F4D9728D1ABD600CEC17A /* BackupStoredViewController.swift in Sources */ = {isa = PBXBuildFile; fileRef = E16F4D9628D1ABD600CEC17A /* BackupStoredViewController.swift */; };
		E16F4D9A28D1ABE200CEC17A /* BackupStoredView.swift in Sources */ = {isa = PBXBuildFile; fileRef = E16F4D9928D1ABE200CEC17A /* BackupStoredView.swift */; };
		E16F4D9C28D1B26C00CEC17A /* UIViewController+Extension.swift in Sources */ = {isa = PBXBuildFile; fileRef = E16F4D9B28D1B26C00CEC17A /* UIViewController+Extension.swift */; };
		E16F4D9F28D1B31C00CEC17A /* Zip in Frameworks */ = {isa = PBXBuildFile; productRef = E16F4D9E28D1B31C00CEC17A /* Zip */; };
		E1F156DA28CDDD0500500841 /* DetailViewController.swift in Sources */ = {isa = PBXBuildFile; fileRef = E1F156D928CDDD0500500841 /* DetailViewController.swift */; };
		E1F156DD28CDDD1400500841 /* DetailView.swift in Sources */ = {isa = PBXBuildFile; fileRef = E1F156DC28CDDD1400500841 /* DetailView.swift */; };
		E1F156DF28CDF16400500841 /* ImageCollectionViewCell.swift in Sources */ = {isa = PBXBuildFile; fileRef = E1F156DE28CDF16400500841 /* ImageCollectionViewCell.swift */; };
		E1F156E228CDF7D600500841 /* WriteViewController.swift in Sources */ = {isa = PBXBuildFile; fileRef = E1F156E128CDF7D600500841 /* WriteViewController.swift */; };
		E1F156E528CDF7E500500841 /* WriteView.swift in Sources */ = {isa = PBXBuildFile; fileRef = E1F156E428CDF7E500500841 /* WriteView.swift */; };
		E1F156E928CE0ABB00500841 /* WriteCollectionViewCell.swift in Sources */ = {isa = PBXBuildFile; fileRef = E1F156E828CE0ABB00500841 /* WriteCollectionViewCell.swift */; };
		E1F156EB28CE42FF00500841 /* PickerEnum.swift in Sources */ = {isa = PBXBuildFile; fileRef = E1F156EA28CE42FF00500841 /* PickerEnum.swift */; };
		E1FCB0B328CDA0F600C07AA3 /* AppDelegate.swift in Sources */ = {isa = PBXBuildFile; fileRef = E1FCB0B228CDA0F600C07AA3 /* AppDelegate.swift */; };
		E1FCB0B528CDA0F600C07AA3 /* SceneDelegate.swift in Sources */ = {isa = PBXBuildFile; fileRef = E1FCB0B428CDA0F600C07AA3 /* SceneDelegate.swift */; };
		E1FCB0B728CDA0F600C07AA3 /* MainViewController.swift in Sources */ = {isa = PBXBuildFile; fileRef = E1FCB0B628CDA0F600C07AA3 /* MainViewController.swift */; };
		E1FCB0BA28CDA0F600C07AA3 /* Main.storyboard in Resources */ = {isa = PBXBuildFile; fileRef = E1FCB0B828CDA0F600C07AA3 /* Main.storyboard */; };
		E1FCB0BC28CDA0FB00C07AA3 /* Assets.xcassets in Resources */ = {isa = PBXBuildFile; fileRef = E1FCB0BB28CDA0FB00C07AA3 /* Assets.xcassets */; };
		E1FCB0BF28CDA0FB00C07AA3 /* LaunchScreen.storyboard in Resources */ = {isa = PBXBuildFile; fileRef = E1FCB0BD28CDA0FB00C07AA3 /* LaunchScreen.storyboard */; };
		E1FCB0D128CDA24100C07AA3 /* SettingViewController.swift in Sources */ = {isa = PBXBuildFile; fileRef = E1FCB0D028CDA24100C07AA3 /* SettingViewController.swift */; };
		E1FCB0D328CDA25500C07AA3 /* ListViewController.swift in Sources */ = {isa = PBXBuildFile; fileRef = E1FCB0D228CDA25500C07AA3 /* ListViewController.swift */; };
		E1FCB0D528CDA28F00C07AA3 /* SettingView.swift in Sources */ = {isa = PBXBuildFile; fileRef = E1FCB0D428CDA28F00C07AA3 /* SettingView.swift */; };
		E1FCB0D728CDA2A500C07AA3 /* SettingTableViewCell.swift in Sources */ = {isa = PBXBuildFile; fileRef = E1FCB0D628CDA2A500C07AA3 /* SettingTableViewCell.swift */; };
		E1FCB0D928CDA2B600C07AA3 /* ListView.swift in Sources */ = {isa = PBXBuildFile; fileRef = E1FCB0D828CDA2B600C07AA3 /* ListView.swift */; };
		E1FCB0DB28CDA2D800C07AA3 /* ListCollectionViewCell.swift in Sources */ = {isa = PBXBuildFile; fileRef = E1FCB0DA28CDA2D800C07AA3 /* ListCollectionViewCell.swift */; };
		E1FCB0DD28CDA2E800C07AA3 /* MainView.swift in Sources */ = {isa = PBXBuildFile; fileRef = E1FCB0DC28CDA2E800C07AA3 /* MainView.swift */; };
		E1FCB0E228CDA32300C07AA3 /* Color.swift in Sources */ = {isa = PBXBuildFile; fileRef = E1FCB0E128CDA32300C07AA3 /* Color.swift */; };
		E1FCB0E428CDA33900C07AA3 /* BaseView.swift in Sources */ = {isa = PBXBuildFile; fileRef = E1FCB0E328CDA33900C07AA3 /* BaseView.swift */; };
		E1FCB0E628CDA34500C07AA3 /* BaseViewController.swift in Sources */ = {isa = PBXBuildFile; fileRef = E1FCB0E528CDA34500C07AA3 /* BaseViewController.swift */; };
		E1FCB0E828CDA3A000C07AA3 /* BaseTableViewCell.swift in Sources */ = {isa = PBXBuildFile; fileRef = E1FCB0E728CDA3A000C07AA3 /* BaseTableViewCell.swift */; };
		E1FCB0EA28CDA3AB00C07AA3 /* BaseCollectionViewCell.swift in Sources */ = {isa = PBXBuildFile; fileRef = E1FCB0E928CDA3AB00C07AA3 /* BaseCollectionViewCell.swift */; };
		E1FCB0F028CDA56B00C07AA3 /* identifier.swift in Sources */ = {isa = PBXBuildFile; fileRef = E1FCB0EF28CDA56B00C07AA3 /* identifier.swift */; };
		E1FCB0F228CDA58E00C07AA3 /* Transition+Extension.swift in Sources */ = {isa = PBXBuildFile; fileRef = E1FCB0F128CDA58E00C07AA3 /* Transition+Extension.swift */; };
		E1FCB10028CDB20200C07AA3 /* View.swift in Sources */ = {isa = PBXBuildFile; fileRef = E1FCB0FF28CDB20200C07AA3 /* View.swift */; };
		E1FCB10228CDB52800C07AA3 /* TabBarController.swift in Sources */ = {isa = PBXBuildFile; fileRef = E1FCB10128CDB52800C07AA3 /* TabBarController.swift */; };
		E1FCB10528CDBC0000C07AA3 /* SettingEnum.swift in Sources */ = {isa = PBXBuildFile; fileRef = E1FCB10428CDBC0000C07AA3 /* SettingEnum.swift */; };
/* End PBXBuildFile section */

/* Begin PBXCopyFilesBuildPhase section */
		E142944828D0734600B297D3 /* Embed Frameworks */ = {
			isa = PBXCopyFilesBuildPhase;
			buildActionMask = 2147483647;
			dstPath = "";
			dstSubfolderSpec = 10;
			files = (
			);
			name = "Embed Frameworks";
			runOnlyForDeploymentPostprocessing = 0;
		};
/* End PBXCopyFilesBuildPhase section */

/* Begin PBXFileReference section */
		0AE6392F2A1ADB1C888FEB61 /* Pods-EggTime.release.xcconfig */ = {isa = PBXFileReference; includeInIndex = 1; lastKnownFileType = text.xcconfig; name = "Pods-EggTime.release.xcconfig"; path = "Target Support Files/Pods-EggTime/Pods-EggTime.release.xcconfig"; sourceTree = "<group>"; };
		234C93075D5FD78E834CBC69 /* Pods-EggTime.debug.xcconfig */ = {isa = PBXFileReference; includeInIndex = 1; lastKnownFileType = text.xcconfig; name = "Pods-EggTime.debug.xcconfig"; path = "Target Support Files/Pods-EggTime/Pods-EggTime.debug.xcconfig"; sourceTree = "<group>"; };
		E103002B28CEFE6B00922B54 /* RealmRepository.swift */ = {isa = PBXFileReference; lastKnownFileType = sourcecode.swift; path = RealmRepository.swift; sourceTree = "<group>"; };
		E103002D28CEFED900922B54 /* EggTime.swift */ = {isa = PBXFileReference; lastKnownFileType = sourcecode.swift; path = EggTime.swift; sourceTree = "<group>"; };
		E142944928D0750400B297D3 /* EggTime.app */ = {isa = PBXFileReference; explicitFileType = wrapper.application; includeInIndex = 0; path = EggTime.app; sourceTree = BUILT_PRODUCTS_DIR; };
		E16F4D8E28D19B6700CEC17A /* MapViewController.swift */ = {isa = PBXFileReference; lastKnownFileType = sourcecode.swift; path = MapViewController.swift; sourceTree = "<group>"; };
		E16F4D9128D19B7F00CEC17A /* MapView.swift */ = {isa = PBXFileReference; lastKnownFileType = sourcecode.swift; path = MapView.swift; sourceTree = "<group>"; };
		E16F4D9628D1ABD600CEC17A /* BackupStoredViewController.swift */ = {isa = PBXFileReference; lastKnownFileType = sourcecode.swift; path = BackupStoredViewController.swift; sourceTree = "<group>"; };
		E16F4D9928D1ABE200CEC17A /* BackupStoredView.swift */ = {isa = PBXFileReference; lastKnownFileType = sourcecode.swift; path = BackupStoredView.swift; sourceTree = "<group>"; };
		E16F4D9B28D1B26C00CEC17A /* UIViewController+Extension.swift */ = {isa = PBXFileReference; lastKnownFileType = sourcecode.swift; path = "UIViewController+Extension.swift"; sourceTree = "<group>"; };
		E1F156D928CDDD0500500841 /* DetailViewController.swift */ = {isa = PBXFileReference; lastKnownFileType = sourcecode.swift; path = DetailViewController.swift; sourceTree = "<group>"; };
		E1F156DC28CDDD1400500841 /* DetailView.swift */ = {isa = PBXFileReference; lastKnownFileType = sourcecode.swift; path = DetailView.swift; sourceTree = "<group>"; };
		E1F156DE28CDF16400500841 /* ImageCollectionViewCell.swift */ = {isa = PBXFileReference; lastKnownFileType = sourcecode.swift; path = ImageCollectionViewCell.swift; sourceTree = "<group>"; };
		E1F156E128CDF7D600500841 /* WriteViewController.swift */ = {isa = PBXFileReference; lastKnownFileType = sourcecode.swift; path = WriteViewController.swift; sourceTree = "<group>"; };
		E1F156E428CDF7E500500841 /* WriteView.swift */ = {isa = PBXFileReference; lastKnownFileType = sourcecode.swift; path = WriteView.swift; sourceTree = "<group>"; };
		E1F156E828CE0ABB00500841 /* WriteCollectionViewCell.swift */ = {isa = PBXFileReference; lastKnownFileType = sourcecode.swift; path = WriteCollectionViewCell.swift; sourceTree = "<group>"; };
		E1F156EA28CE42FF00500841 /* PickerEnum.swift */ = {isa = PBXFileReference; lastKnownFileType = sourcecode.swift; path = PickerEnum.swift; sourceTree = "<group>"; };
		E1FCB0B228CDA0F600C07AA3 /* AppDelegate.swift */ = {isa = PBXFileReference; lastKnownFileType = sourcecode.swift; path = AppDelegate.swift; sourceTree = "<group>"; };
		E1FCB0B428CDA0F600C07AA3 /* SceneDelegate.swift */ = {isa = PBXFileReference; lastKnownFileType = sourcecode.swift; path = SceneDelegate.swift; sourceTree = "<group>"; };
		E1FCB0B628CDA0F600C07AA3 /* MainViewController.swift */ = {isa = PBXFileReference; lastKnownFileType = sourcecode.swift; path = MainViewController.swift; sourceTree = "<group>"; };
		E1FCB0B928CDA0F600C07AA3 /* Base */ = {isa = PBXFileReference; lastKnownFileType = file.storyboard; name = Base; path = Base.lproj/Main.storyboard; sourceTree = "<group>"; };
		E1FCB0BB28CDA0FB00C07AA3 /* Assets.xcassets */ = {isa = PBXFileReference; lastKnownFileType = folder.assetcatalog; path = Assets.xcassets; sourceTree = "<group>"; };
		E1FCB0BE28CDA0FB00C07AA3 /* Base */ = {isa = PBXFileReference; lastKnownFileType = file.storyboard; name = Base; path = Base.lproj/LaunchScreen.storyboard; sourceTree = "<group>"; };
		E1FCB0C028CDA0FB00C07AA3 /* Info.plist */ = {isa = PBXFileReference; lastKnownFileType = text.plist.xml; path = Info.plist; sourceTree = "<group>"; };
		E1FCB0D028CDA24100C07AA3 /* SettingViewController.swift */ = {isa = PBXFileReference; lastKnownFileType = sourcecode.swift; name = SettingViewController.swift; path = EggTime/Presentation/Setting/SettingViewController.swift; sourceTree = SOURCE_ROOT; };
		E1FCB0D228CDA25500C07AA3 /* ListViewController.swift */ = {isa = PBXFileReference; lastKnownFileType = sourcecode.swift; path = ListViewController.swift; sourceTree = "<group>"; };
		E1FCB0D428CDA28F00C07AA3 /* SettingView.swift */ = {isa = PBXFileReference; lastKnownFileType = sourcecode.swift; path = SettingView.swift; sourceTree = "<group>"; };
		E1FCB0D628CDA2A500C07AA3 /* SettingTableViewCell.swift */ = {isa = PBXFileReference; lastKnownFileType = sourcecode.swift; path = SettingTableViewCell.swift; sourceTree = "<group>"; };
		E1FCB0D828CDA2B600C07AA3 /* ListView.swift */ = {isa = PBXFileReference; lastKnownFileType = sourcecode.swift; path = ListView.swift; sourceTree = "<group>"; };
		E1FCB0DA28CDA2D800C07AA3 /* ListCollectionViewCell.swift */ = {isa = PBXFileReference; lastKnownFileType = sourcecode.swift; path = ListCollectionViewCell.swift; sourceTree = "<group>"; };
		E1FCB0DC28CDA2E800C07AA3 /* MainView.swift */ = {isa = PBXFileReference; lastKnownFileType = sourcecode.swift; path = MainView.swift; sourceTree = "<group>"; };
		E1FCB0E128CDA32300C07AA3 /* Color.swift */ = {isa = PBXFileReference; lastKnownFileType = sourcecode.swift; path = Color.swift; sourceTree = "<group>"; };
		E1FCB0E328CDA33900C07AA3 /* BaseView.swift */ = {isa = PBXFileReference; lastKnownFileType = sourcecode.swift; path = BaseView.swift; sourceTree = "<group>"; };
		E1FCB0E528CDA34500C07AA3 /* BaseViewController.swift */ = {isa = PBXFileReference; lastKnownFileType = sourcecode.swift; path = BaseViewController.swift; sourceTree = "<group>"; };
		E1FCB0E728CDA3A000C07AA3 /* BaseTableViewCell.swift */ = {isa = PBXFileReference; lastKnownFileType = sourcecode.swift; path = BaseTableViewCell.swift; sourceTree = "<group>"; };
		E1FCB0E928CDA3AB00C07AA3 /* BaseCollectionViewCell.swift */ = {isa = PBXFileReference; lastKnownFileType = sourcecode.swift; path = BaseCollectionViewCell.swift; sourceTree = "<group>"; };
		E1FCB0EF28CDA56B00C07AA3 /* identifier.swift */ = {isa = PBXFileReference; lastKnownFileType = sourcecode.swift; path = identifier.swift; sourceTree = "<group>"; };
		E1FCB0F128CDA58E00C07AA3 /* Transition+Extension.swift */ = {isa = PBXFileReference; lastKnownFileType = sourcecode.swift; path = "Transition+Extension.swift"; sourceTree = "<group>"; };
		E1FCB0FF28CDB20200C07AA3 /* View.swift */ = {isa = PBXFileReference; lastKnownFileType = sourcecode.swift; path = View.swift; sourceTree = "<group>"; };
		E1FCB10128CDB52800C07AA3 /* TabBarController.swift */ = {isa = PBXFileReference; lastKnownFileType = sourcecode.swift; path = TabBarController.swift; sourceTree = "<group>"; };
		E1FCB10428CDBC0000C07AA3 /* SettingEnum.swift */ = {isa = PBXFileReference; lastKnownFileType = sourcecode.swift; path = SettingEnum.swift; sourceTree = "<group>"; };
/* End PBXFileReference section */

/* Begin PBXFrameworksBuildPhase section */
		E1FCB0AC28CDA0F600C07AA3 /* Frameworks */ = {
			isa = PBXFrameworksBuildPhase;
			buildActionMask = 2147483647;
			files = (
				E155FB3C28D0537F007ED02D /* RealmSwift in Frameworks */,
				E155FB3F28D0551A007ED02D /* SnapKit in Frameworks */,
				E16F4D9F28D1B31C00CEC17A /* Zip in Frameworks */,
				E155FB3A28D0537F007ED02D /* Realm in Frameworks */,
			);
			runOnlyForDeploymentPostprocessing = 0;
		};
/* End PBXFrameworksBuildPhase section */

/* Begin PBXGroup section */
		73EC42E05163C7B7957C3048 /* Pods */ = {
			isa = PBXGroup;
			children = (
				234C93075D5FD78E834CBC69 /* Pods-EggTime.debug.xcconfig */,
				0AE6392F2A1ADB1C888FEB61 /* Pods-EggTime.release.xcconfig */,
			);
			path = Pods;
			sourceTree = "<group>";
		};
		DAA56D770B5DABFBAE79DBC0 /* Frameworks */ = {
			isa = PBXGroup;
			children = (
			);
			name = Frameworks;
			sourceTree = "<group>";
		};
		E16F4D8D28D19B4600CEC17A /* Map */ = {
			isa = PBXGroup;
			children = (
				E16F4D8E28D19B6700CEC17A /* MapViewController.swift */,
				E16F4D9028D19B7200CEC17A /* View */,
			);
			path = Map;
			sourceTree = "<group>";
		};
		E16F4D9028D19B7200CEC17A /* View */ = {
			isa = PBXGroup;
			children = (
				E16F4D9128D19B7F00CEC17A /* MapView.swift */,
			);
			path = View;
			sourceTree = "<group>";
		};
		E16F4D9528D1ABB900CEC17A /* BackupStored */ = {
			isa = PBXGroup;
			children = (
				E16F4D9628D1ABD600CEC17A /* BackupStoredViewController.swift */,
				E16F4D9828D1ABDA00CEC17A /* View */,
			);
			path = BackupStored;
			sourceTree = "<group>";
		};
		E16F4D9828D1ABDA00CEC17A /* View */ = {
			isa = PBXGroup;
			children = (
				E16F4D9928D1ABE200CEC17A /* BackupStoredView.swift */,
			);
			path = View;
			sourceTree = "<group>";
		};
		E1F156D828CDDCF400500841 /* Detail */ = {
			isa = PBXGroup;
			children = (
				E1F156D928CDDD0500500841 /* DetailViewController.swift */,
				E1F156DB28CDDD0800500841 /* View */,
			);
			path = Detail;
			sourceTree = "<group>";
		};
		E1F156DB28CDDD0800500841 /* View */ = {
			isa = PBXGroup;
			children = (
				E1F156DC28CDDD1400500841 /* DetailView.swift */,
				E1F156DE28CDF16400500841 /* ImageCollectionViewCell.swift */,
			);
			path = View;
			sourceTree = "<group>";
		};
		E1F156E028CDF7C500500841 /* Write */ = {
			isa = PBXGroup;
			children = (
				E1F156E128CDF7D600500841 /* WriteViewController.swift */,
				E1F156E328CDF7D900500841 /* View */,
			);
			path = Write;
			sourceTree = "<group>";
		};
		E1F156E328CDF7D900500841 /* View */ = {
			isa = PBXGroup;
			children = (
				E1F156E428CDF7E500500841 /* WriteView.swift */,
				E1F156E828CE0ABB00500841 /* WriteCollectionViewCell.swift */,
			);
			path = View;
			sourceTree = "<group>";
		};
		E1FCB0A628CDA0F600C07AA3 = {
			isa = PBXGroup;
			children = (
				E1FCB0B128CDA0F600C07AA3 /* EggTime */,
				73EC42E05163C7B7957C3048 /* Pods */,
				DAA56D770B5DABFBAE79DBC0 /* Frameworks */,
				E142944928D0750400B297D3 /* EggTime.app */,
			);
			sourceTree = "<group>";
		};
		E1FCB0B128CDA0F600C07AA3 /* EggTime */ = {
			isa = PBXGroup;
			children = (
				E1FCB0C928CDA16200C07AA3 /* Utils */,
				E1FCB0C828CDA15500C07AA3 /* Presentation */,
				E1FCB0C628CDA11B00C07AA3 /* Application */,
				E1FCB0C728CDA14300C07AA3 /* Resource */,
				E1FCB0C028CDA0FB00C07AA3 /* Info.plist */,
			);
			path = EggTime;
			sourceTree = "<group>";
		};
		E1FCB0C628CDA11B00C07AA3 /* Application */ = {
			isa = PBXGroup;
			children = (
				E1FCB0B228CDA0F600C07AA3 /* AppDelegate.swift */,
				E1FCB0B428CDA0F600C07AA3 /* SceneDelegate.swift */,
			);
			path = Application;
			sourceTree = "<group>";
		};
		E1FCB0C728CDA14300C07AA3 /* Resource */ = {
			isa = PBXGroup;
			children = (
				E1FCB0B828CDA0F600C07AA3 /* Main.storyboard */,
				E1FCB0BB28CDA0FB00C07AA3 /* Assets.xcassets */,
				E1FCB0BD28CDA0FB00C07AA3 /* LaunchScreen.storyboard */,
			);
			path = Resource;
			sourceTree = "<group>";
		};
		E1FCB0C828CDA15500C07AA3 /* Presentation */ = {
			isa = PBXGroup;
			children = (
				E16F4D9528D1ABB900CEC17A /* BackupStored */,
				E16F4D8D28D19B4600CEC17A /* Map */,
				E1F156E028CDF7C500500841 /* Write */,
				E1F156D828CDDCF400500841 /* Detail */,
				E1FCB10328CDB67B00C07AA3 /* TabBar */,
				E1FCB0CC28CDA21C00C07AA3 /* Setting */,
				E1FCB0CB28CDA1AA00C07AA3 /* List */,
				E1FCB0CA28CDA1A200C07AA3 /* Main */,
			);
			path = Presentation;
			sourceTree = "<group>";
		};
		E1FCB0C928CDA16200C07AA3 /* Utils */ = {
			isa = PBXGroup;
			children = (
				E1FCB0EE28CDA55C00C07AA3 /* identifier */,
				E1FCB0ED28CDA55600C07AA3 /* Extension */,
				E1FCB0EC28CDA55000C07AA3 /* Model */,
				E1FCB0EB28CDA44A00C07AA3 /* Network */,
				E1FCB0DF28CDA2F400C07AA3 /* Custom */,
				E1FCB0DE28CDA2F000C07AA3 /* Base */,
			);
			path = Utils;
			sourceTree = "<group>";
		};
		E1FCB0CA28CDA1A200C07AA3 /* Main */ = {
			isa = PBXGroup;
			children = (
				E1FCB0B628CDA0F600C07AA3 /* MainViewController.swift */,
				E1FCB0CD28CDA22900C07AA3 /* View */,
			);
			path = Main;
			sourceTree = "<group>";
		};
		E1FCB0CB28CDA1AA00C07AA3 /* List */ = {
			isa = PBXGroup;
			children = (
				E1FCB0D228CDA25500C07AA3 /* ListViewController.swift */,
				E1FCB0CE28CDA22E00C07AA3 /* View */,
			);
			path = List;
			sourceTree = "<group>";
		};
		E1FCB0CC28CDA21C00C07AA3 /* Setting */ = {
			isa = PBXGroup;
			children = (
				E1FCB0D028CDA24100C07AA3 /* SettingViewController.swift */,
				E1FCB0CF28CDA23200C07AA3 /* View */,
			);
			path = Setting;
			sourceTree = "<group>";
		};
		E1FCB0CD28CDA22900C07AA3 /* View */ = {
			isa = PBXGroup;
			children = (
				E1FCB0DC28CDA2E800C07AA3 /* MainView.swift */,
			);
			path = View;
			sourceTree = "<group>";
		};
		E1FCB0CE28CDA22E00C07AA3 /* View */ = {
			isa = PBXGroup;
			children = (
				E1FCB0D828CDA2B600C07AA3 /* ListView.swift */,
				E1FCB0DA28CDA2D800C07AA3 /* ListCollectionViewCell.swift */,
			);
			path = View;
			sourceTree = "<group>";
		};
		E1FCB0CF28CDA23200C07AA3 /* View */ = {
			isa = PBXGroup;
			children = (
				E1FCB0D428CDA28F00C07AA3 /* SettingView.swift */,
				E1FCB0D628CDA2A500C07AA3 /* SettingTableViewCell.swift */,
			);
			path = View;
			sourceTree = "<group>";
		};
		E1FCB0DE28CDA2F000C07AA3 /* Base */ = {
			isa = PBXGroup;
			children = (
				E1FCB0E328CDA33900C07AA3 /* BaseView.swift */,
				E1FCB0E528CDA34500C07AA3 /* BaseViewController.swift */,
				E1FCB0E728CDA3A000C07AA3 /* BaseTableViewCell.swift */,
				E1FCB0E928CDA3AB00C07AA3 /* BaseCollectionViewCell.swift */,
			);
			path = Base;
			sourceTree = "<group>";
		};
		E1FCB0DF28CDA2F400C07AA3 /* Custom */ = {
			isa = PBXGroup;
			children = (
				E1FCB0E128CDA32300C07AA3 /* Color.swift */,
				E1FCB0FF28CDB20200C07AA3 /* View.swift */,
			);
			path = Custom;
			sourceTree = "<group>";
		};
		E1FCB0EB28CDA44A00C07AA3 /* Network */ = {
			isa = PBXGroup;
			children = (
			);
			path = Network;
			sourceTree = "<group>";
		};
		E1FCB0EC28CDA55000C07AA3 /* Model */ = {
			isa = PBXGroup;
			children = (
				E1FCB10428CDBC0000C07AA3 /* SettingEnum.swift */,
				E1F156EA28CE42FF00500841 /* PickerEnum.swift */,
				E103002B28CEFE6B00922B54 /* RealmRepository.swift */,
				E103002D28CEFED900922B54 /* EggTime.swift */,
			);
			path = Model;
			sourceTree = "<group>";
		};
		E1FCB0ED28CDA55600C07AA3 /* Extension */ = {
			isa = PBXGroup;
			children = (
				E1FCB0F128CDA58E00C07AA3 /* Transition+Extension.swift */,
				E16F4D9B28D1B26C00CEC17A /* UIViewController+Extension.swift */,
			);
			path = Extension;
			sourceTree = "<group>";
		};
		E1FCB0EE28CDA55C00C07AA3 /* identifier */ = {
			isa = PBXGroup;
			children = (
				E1FCB0EF28CDA56B00C07AA3 /* identifier.swift */,
			);
			path = identifier;
			sourceTree = "<group>";
		};
		E1FCB10328CDB67B00C07AA3 /* TabBar */ = {
			isa = PBXGroup;
			children = (
				E1FCB10128CDB52800C07AA3 /* TabBarController.swift */,
			);
			path = TabBar;
			sourceTree = "<group>";
		};
/* End PBXGroup section */

/* Begin PBXNativeTarget section */
		E1FCB0AE28CDA0F600C07AA3 /* EggTime */ = {
			isa = PBXNativeTarget;
			buildConfigurationList = E1FCB0C328CDA0FB00C07AA3 /* Build configuration list for PBXNativeTarget "EggTime" */;
			buildPhases = (
				EE21D417FBE24D4C4D0253AB /* [CP] Check Pods Manifest.lock */,
				E1FCB0AB28CDA0F600C07AA3 /* Sources */,
				E1FCB0AC28CDA0F600C07AA3 /* Frameworks */,
				E1FCB0AD28CDA0F600C07AA3 /* Resources */,
				475D11CB728A79A2B89D41AA /* [CP] Embed Pods Frameworks */,
				E142944828D0734600B297D3 /* Embed Frameworks */,
			);
			buildRules = (
			);
			dependencies = (
			);
			name = EggTime;
			packageProductDependencies = (
				E155FB3928D0537F007ED02D /* Realm */,
				E155FB3B28D0537F007ED02D /* RealmSwift */,
				E155FB3E28D0551A007ED02D /* SnapKit */,
				E16F4D9E28D1B31C00CEC17A /* Zip */,
			);
			productName = EggTime;
			productReference = E142944928D0750400B297D3 /* EggTime.app */;
			productType = "com.apple.product-type.application";
		};
/* End PBXNativeTarget section */

/* Begin PBXProject section */
		E1FCB0A728CDA0F600C07AA3 /* Project object */ = {
			isa = PBXProject;
			attributes = {
				BuildIndependentTargetsInParallel = 1;
				LastSwiftUpdateCheck = 1340;
				LastUpgradeCheck = 1340;
				TargetAttributes = {
					E1FCB0AE28CDA0F600C07AA3 = {
						CreatedOnToolsVersion = 13.4.1;
					};
				};
			};
			buildConfigurationList = E1FCB0AA28CDA0F600C07AA3 /* Build configuration list for PBXProject "EggTime" */;
			compatibilityVersion = "Xcode 13.0";
			developmentRegion = en;
			hasScannedForEncodings = 0;
			knownRegions = (
				en,
				Base,
			);
			mainGroup = E1FCB0A628CDA0F600C07AA3;
			packageReferences = (
				E155FB3828D0537F007ED02D /* XCRemoteSwiftPackageReference "realm-swift" */,
				E155FB3D28D0551A007ED02D /* XCRemoteSwiftPackageReference "SnapKit" */,
				E16F4D9D28D1B31C00CEC17A /* XCRemoteSwiftPackageReference "Zip" */,
			);
			productRefGroup = E1FCB0A628CDA0F600C07AA3;
			projectDirPath = "";
			projectRoot = "";
			targets = (
				E1FCB0AE28CDA0F600C07AA3 /* EggTime */,
			);
		};
/* End PBXProject section */

/* Begin PBXResourcesBuildPhase section */
		E1FCB0AD28CDA0F600C07AA3 /* Resources */ = {
			isa = PBXResourcesBuildPhase;
			buildActionMask = 2147483647;
			files = (
				E1FCB0BF28CDA0FB00C07AA3 /* LaunchScreen.storyboard in Resources */,
				E1FCB0BC28CDA0FB00C07AA3 /* Assets.xcassets in Resources */,
				E1FCB0BA28CDA0F600C07AA3 /* Main.storyboard in Resources */,
			);
			runOnlyForDeploymentPostprocessing = 0;
		};
/* End PBXResourcesBuildPhase section */

/* Begin PBXShellScriptBuildPhase section */
		475D11CB728A79A2B89D41AA /* [CP] Embed Pods Frameworks */ = {
			isa = PBXShellScriptBuildPhase;
			buildActionMask = 2147483647;
			files = (
			);
			inputFileListPaths = (
				"${PODS_ROOT}/Target Support Files/Pods-EggTime/Pods-EggTime-frameworks-${CONFIGURATION}-input-files.xcfilelist",
			);
			name = "[CP] Embed Pods Frameworks";
			outputFileListPaths = (
				"${PODS_ROOT}/Target Support Files/Pods-EggTime/Pods-EggTime-frameworks-${CONFIGURATION}-output-files.xcfilelist",
			);
			runOnlyForDeploymentPostprocessing = 0;
			shellPath = /bin/sh;
			shellScript = "\"${PODS_ROOT}/Target Support Files/Pods-EggTime/Pods-EggTime-frameworks.sh\"\n";
			showEnvVarsInLog = 0;
		};
		EE21D417FBE24D4C4D0253AB /* [CP] Check Pods Manifest.lock */ = {
			isa = PBXShellScriptBuildPhase;
			buildActionMask = 2147483647;
			files = (
			);
			inputFileListPaths = (
			);
			inputPaths = (
				"${PODS_PODFILE_DIR_PATH}/Podfile.lock",
				"${PODS_ROOT}/Manifest.lock",
			);
			name = "[CP] Check Pods Manifest.lock";
			outputFileListPaths = (
			);
			outputPaths = (
				"$(DERIVED_FILE_DIR)/Pods-EggTime-checkManifestLockResult.txt",
			);
			runOnlyForDeploymentPostprocessing = 0;
			shellPath = /bin/sh;
			shellScript = "diff \"${PODS_PODFILE_DIR_PATH}/Podfile.lock\" \"${PODS_ROOT}/Manifest.lock\" > /dev/null\nif [ $? != 0 ] ; then\n    # print error to STDERR\n    echo \"error: The sandbox is not in sync with the Podfile.lock. Run 'pod install' or update your CocoaPods installation.\" >&2\n    exit 1\nfi\n# This output is used by Xcode 'outputs' to avoid re-running this script phase.\necho \"SUCCESS\" > \"${SCRIPT_OUTPUT_FILE_0}\"\n";
			showEnvVarsInLog = 0;
		};
/* End PBXShellScriptBuildPhase section */

/* Begin PBXSourcesBuildPhase section */
		E1FCB0AB28CDA0F600C07AA3 /* Sources */ = {
			isa = PBXSourcesBuildPhase;
			buildActionMask = 2147483647;
			files = (
				E1F156E228CDF7D600500841 /* WriteViewController.swift in Sources */,
				E103002C28CEFE6B00922B54 /* RealmRepository.swift in Sources */,
				E1F156EB28CE42FF00500841 /* PickerEnum.swift in Sources */,
				E1FCB0E628CDA34500C07AA3 /* BaseViewController.swift in Sources */,
				E1F156E928CE0ABB00500841 /* WriteCollectionViewCell.swift in Sources */,
				E1FCB0DB28CDA2D800C07AA3 /* ListCollectionViewCell.swift in Sources */,
				E16F4D9228D19B7F00CEC17A /* MapView.swift in Sources */,
				E16F4D9C28D1B26C00CEC17A /* UIViewController+Extension.swift in Sources */,
				E1F156DF28CDF16400500841 /* ImageCollectionViewCell.swift in Sources */,
				E1FCB0D928CDA2B600C07AA3 /* ListView.swift in Sources */,
				E1FCB0E228CDA32300C07AA3 /* Color.swift in Sources */,
				E1FCB0E828CDA3A000C07AA3 /* BaseTableViewCell.swift in Sources */,
				E1FCB10028CDB20200C07AA3 /* View.swift in Sources */,
				E1FCB0EA28CDA3AB00C07AA3 /* BaseCollectionViewCell.swift in Sources */,
				E1F156DD28CDDD1400500841 /* DetailView.swift in Sources */,
				E1FCB0E428CDA33900C07AA3 /* BaseView.swift in Sources */,
				E1FCB0B728CDA0F600C07AA3 /* MainViewController.swift in Sources */,
				E16F4D9728D1ABD600CEC17A /* BackupStoredViewController.swift in Sources */,
				E1FCB0DD28CDA2E800C07AA3 /* MainView.swift in Sources */,
				E1FCB0B328CDA0F600C07AA3 /* AppDelegate.swift in Sources */,
				E1FCB10528CDBC0000C07AA3 /* SettingEnum.swift in Sources */,
				E1F156DA28CDDD0500500841 /* DetailViewController.swift in Sources */,
				E1FCB0D728CDA2A500C07AA3 /* SettingTableViewCell.swift in Sources */,
				E1F156E528CDF7E500500841 /* WriteView.swift in Sources */,
				E16F4D9A28D1ABE200CEC17A /* BackupStoredView.swift in Sources */,
				E103002E28CEFED900922B54 /* EggTime.swift in Sources */,
				E1FCB0B528CDA0F600C07AA3 /* SceneDelegate.swift in Sources */,
				E1FCB10228CDB52800C07AA3 /* TabBarController.swift in Sources */,
				E1FCB0D528CDA28F00C07AA3 /* SettingView.swift in Sources */,
				E1FCB0D328CDA25500C07AA3 /* ListViewController.swift in Sources */,
				E1FCB0F228CDA58E00C07AA3 /* Transition+Extension.swift in Sources */,
				E1FCB0F028CDA56B00C07AA3 /* identifier.swift in Sources */,
				E1FCB0D128CDA24100C07AA3 /* SettingViewController.swift in Sources */,
				E16F4D8F28D19B6700CEC17A /* MapViewController.swift in Sources */,
			);
			runOnlyForDeploymentPostprocessing = 0;
		};
/* End PBXSourcesBuildPhase section */

/* Begin PBXVariantGroup section */
		E1FCB0B828CDA0F600C07AA3 /* Main.storyboard */ = {
			isa = PBXVariantGroup;
			children = (
				E1FCB0B928CDA0F600C07AA3 /* Base */,
			);
			name = Main.storyboard;
			sourceTree = "<group>";
		};
		E1FCB0BD28CDA0FB00C07AA3 /* LaunchScreen.storyboard */ = {
			isa = PBXVariantGroup;
			children = (
				E1FCB0BE28CDA0FB00C07AA3 /* Base */,
			);
			name = LaunchScreen.storyboard;
			sourceTree = "<group>";
		};
/* End PBXVariantGroup section */

/* Begin XCBuildConfiguration section */
		E1FCB0C128CDA0FB00C07AA3 /* Debug */ = {
			isa = XCBuildConfiguration;
			buildSettings = {
				ALWAYS_SEARCH_USER_PATHS = NO;
				CLANG_ANALYZER_NONNULL = YES;
				CLANG_ANALYZER_NUMBER_OBJECT_CONVERSION = YES_AGGRESSIVE;
				CLANG_CXX_LANGUAGE_STANDARD = "gnu++17";
				CLANG_ENABLE_MODULES = YES;
				CLANG_ENABLE_OBJC_ARC = YES;
				CLANG_ENABLE_OBJC_WEAK = YES;
				CLANG_WARN_BLOCK_CAPTURE_AUTORELEASING = YES;
				CLANG_WARN_BOOL_CONVERSION = YES;
				CLANG_WARN_COMMA = YES;
				CLANG_WARN_CONSTANT_CONVERSION = YES;
				CLANG_WARN_DEPRECATED_OBJC_IMPLEMENTATIONS = YES;
				CLANG_WARN_DIRECT_OBJC_ISA_USAGE = YES_ERROR;
				CLANG_WARN_DOCUMENTATION_COMMENTS = YES;
				CLANG_WARN_EMPTY_BODY = YES;
				CLANG_WARN_ENUM_CONVERSION = YES;
				CLANG_WARN_INFINITE_RECURSION = YES;
				CLANG_WARN_INT_CONVERSION = YES;
				CLANG_WARN_NON_LITERAL_NULL_CONVERSION = YES;
				CLANG_WARN_OBJC_IMPLICIT_RETAIN_SELF = YES;
				CLANG_WARN_OBJC_LITERAL_CONVERSION = YES;
				CLANG_WARN_OBJC_ROOT_CLASS = YES_ERROR;
				CLANG_WARN_QUOTED_INCLUDE_IN_FRAMEWORK_HEADER = YES;
				CLANG_WARN_RANGE_LOOP_ANALYSIS = YES;
				CLANG_WARN_STRICT_PROTOTYPES = YES;
				CLANG_WARN_SUSPICIOUS_MOVE = YES;
				CLANG_WARN_UNGUARDED_AVAILABILITY = YES_AGGRESSIVE;
				CLANG_WARN_UNREACHABLE_CODE = YES;
				CLANG_WARN__DUPLICATE_METHOD_MATCH = YES;
				COPY_PHASE_STRIP = NO;
				DEBUG_INFORMATION_FORMAT = dwarf;
				ENABLE_STRICT_OBJC_MSGSEND = YES;
				ENABLE_TESTABILITY = YES;
				GCC_C_LANGUAGE_STANDARD = gnu11;
				GCC_DYNAMIC_NO_PIC = NO;
				GCC_NO_COMMON_BLOCKS = YES;
				GCC_OPTIMIZATION_LEVEL = 0;
				GCC_PREPROCESSOR_DEFINITIONS = (
					"DEBUG=1",
					"$(inherited)",
				);
				GCC_WARN_64_TO_32_BIT_CONVERSION = YES;
				GCC_WARN_ABOUT_RETURN_TYPE = YES_ERROR;
				GCC_WARN_UNDECLARED_SELECTOR = YES;
				GCC_WARN_UNINITIALIZED_AUTOS = YES_AGGRESSIVE;
				GCC_WARN_UNUSED_FUNCTION = YES;
				GCC_WARN_UNUSED_VARIABLE = YES;
				IPHONEOS_DEPLOYMENT_TARGET = 15.5;
				MTL_ENABLE_DEBUG_INFO = INCLUDE_SOURCE;
				MTL_FAST_MATH = YES;
				ONLY_ACTIVE_ARCH = YES;
				SDKROOT = iphoneos;
				SWIFT_ACTIVE_COMPILATION_CONDITIONS = DEBUG;
				SWIFT_OPTIMIZATION_LEVEL = "-Onone";
			};
			name = Debug;
		};
		E1FCB0C228CDA0FB00C07AA3 /* Release */ = {
			isa = XCBuildConfiguration;
			buildSettings = {
				ALWAYS_SEARCH_USER_PATHS = NO;
				CLANG_ANALYZER_NONNULL = YES;
				CLANG_ANALYZER_NUMBER_OBJECT_CONVERSION = YES_AGGRESSIVE;
				CLANG_CXX_LANGUAGE_STANDARD = "gnu++17";
				CLANG_ENABLE_MODULES = YES;
				CLANG_ENABLE_OBJC_ARC = YES;
				CLANG_ENABLE_OBJC_WEAK = YES;
				CLANG_WARN_BLOCK_CAPTURE_AUTORELEASING = YES;
				CLANG_WARN_BOOL_CONVERSION = YES;
				CLANG_WARN_COMMA = YES;
				CLANG_WARN_CONSTANT_CONVERSION = YES;
				CLANG_WARN_DEPRECATED_OBJC_IMPLEMENTATIONS = YES;
				CLANG_WARN_DIRECT_OBJC_ISA_USAGE = YES_ERROR;
				CLANG_WARN_DOCUMENTATION_COMMENTS = YES;
				CLANG_WARN_EMPTY_BODY = YES;
				CLANG_WARN_ENUM_CONVERSION = YES;
				CLANG_WARN_INFINITE_RECURSION = YES;
				CLANG_WARN_INT_CONVERSION = YES;
				CLANG_WARN_NON_LITERAL_NULL_CONVERSION = YES;
				CLANG_WARN_OBJC_IMPLICIT_RETAIN_SELF = YES;
				CLANG_WARN_OBJC_LITERAL_CONVERSION = YES;
				CLANG_WARN_OBJC_ROOT_CLASS = YES_ERROR;
				CLANG_WARN_QUOTED_INCLUDE_IN_FRAMEWORK_HEADER = YES;
				CLANG_WARN_RANGE_LOOP_ANALYSIS = YES;
				CLANG_WARN_STRICT_PROTOTYPES = YES;
				CLANG_WARN_SUSPICIOUS_MOVE = YES;
				CLANG_WARN_UNGUARDED_AVAILABILITY = YES_AGGRESSIVE;
				CLANG_WARN_UNREACHABLE_CODE = YES;
				CLANG_WARN__DUPLICATE_METHOD_MATCH = YES;
				COPY_PHASE_STRIP = NO;
				DEBUG_INFORMATION_FORMAT = "dwarf-with-dsym";
				ENABLE_NS_ASSERTIONS = NO;
				ENABLE_STRICT_OBJC_MSGSEND = YES;
				GCC_C_LANGUAGE_STANDARD = gnu11;
				GCC_NO_COMMON_BLOCKS = YES;
				GCC_WARN_64_TO_32_BIT_CONVERSION = YES;
				GCC_WARN_ABOUT_RETURN_TYPE = YES_ERROR;
				GCC_WARN_UNDECLARED_SELECTOR = YES;
				GCC_WARN_UNINITIALIZED_AUTOS = YES_AGGRESSIVE;
				GCC_WARN_UNUSED_FUNCTION = YES;
				GCC_WARN_UNUSED_VARIABLE = YES;
				IPHONEOS_DEPLOYMENT_TARGET = 15.5;
				MTL_ENABLE_DEBUG_INFO = NO;
				MTL_FAST_MATH = YES;
				SDKROOT = iphoneos;
				SWIFT_COMPILATION_MODE = wholemodule;
				SWIFT_OPTIMIZATION_LEVEL = "-O";
				VALIDATE_PRODUCT = YES;
			};
			name = Release;
		};
		E1FCB0C428CDA0FB00C07AA3 /* Debug */ = {
			isa = XCBuildConfiguration;
			baseConfigurationReference = 234C93075D5FD78E834CBC69 /* Pods-EggTime.debug.xcconfig */;
			buildSettings = {
				ASSETCATALOG_COMPILER_APPICON_NAME = AppIcon;
				ASSETCATALOG_COMPILER_GLOBAL_ACCENT_COLOR_NAME = AccentColor;
				CODE_SIGN_STYLE = Automatic;
				CURRENT_PROJECT_VERSION = 1;
				DEVELOPMENT_TEAM = 5MHUF29PV8;
				GENERATE_INFOPLIST_FILE = YES;
				INFOPLIST_FILE = EggTime/Info.plist;
				INFOPLIST_KEY_UIApplicationSupportsIndirectInputEvents = YES;
				INFOPLIST_KEY_UILaunchStoryboardName = LaunchScreen;
				INFOPLIST_KEY_UIMainStoryboardFile = Main;
				INFOPLIST_KEY_UISupportedInterfaceOrientations_iPad = "UIInterfaceOrientationPortrait UIInterfaceOrientationPortraitUpsideDown UIInterfaceOrientationLandscapeLeft UIInterfaceOrientationLandscapeRight";
				INFOPLIST_KEY_UISupportedInterfaceOrientations_iPhone = "UIInterfaceOrientationPortrait UIInterfaceOrientationLandscapeLeft UIInterfaceOrientationLandscapeRight";
				IPHONEOS_DEPLOYMENT_TARGET = 13.0;
				LD_RUNPATH_SEARCH_PATHS = (
					"$(inherited)",
					"@executable_path/Frameworks",
				);
				MARKETING_VERSION = 1.0;
				PRODUCT_BUNDLE_IDENTIFIER = com.sesac.EggTime;
				PRODUCT_NAME = "$(TARGET_NAME)";
				SWIFT_EMIT_LOC_STRINGS = YES;
				SWIFT_VERSION = 5.0;
				TARGETED_DEVICE_FAMILY = 1;
			};
			name = Debug;
		};
		E1FCB0C528CDA0FB00C07AA3 /* Release */ = {
			isa = XCBuildConfiguration;
			baseConfigurationReference = 0AE6392F2A1ADB1C888FEB61 /* Pods-EggTime.release.xcconfig */;
			buildSettings = {
				ASSETCATALOG_COMPILER_APPICON_NAME = AppIcon;
				ASSETCATALOG_COMPILER_GLOBAL_ACCENT_COLOR_NAME = AccentColor;
				CODE_SIGN_STYLE = Automatic;
				CURRENT_PROJECT_VERSION = 1;
				DEVELOPMENT_TEAM = 5MHUF29PV8;
				GENERATE_INFOPLIST_FILE = YES;
				INFOPLIST_FILE = EggTime/Info.plist;
				INFOPLIST_KEY_UIApplicationSupportsIndirectInputEvents = YES;
				INFOPLIST_KEY_UILaunchStoryboardName = LaunchScreen;
				INFOPLIST_KEY_UIMainStoryboardFile = Main;
				INFOPLIST_KEY_UISupportedInterfaceOrientations_iPad = "UIInterfaceOrientationPortrait UIInterfaceOrientationPortraitUpsideDown UIInterfaceOrientationLandscapeLeft UIInterfaceOrientationLandscapeRight";
				INFOPLIST_KEY_UISupportedInterfaceOrientations_iPhone = "UIInterfaceOrientationPortrait UIInterfaceOrientationLandscapeLeft UIInterfaceOrientationLandscapeRight";
				IPHONEOS_DEPLOYMENT_TARGET = 13.0;
				LD_RUNPATH_SEARCH_PATHS = (
					"$(inherited)",
					"@executable_path/Frameworks",
				);
				MARKETING_VERSION = 1.0;
				PRODUCT_BUNDLE_IDENTIFIER = com.sesac.EggTime;
				PRODUCT_NAME = "$(TARGET_NAME)";
				SWIFT_EMIT_LOC_STRINGS = YES;
				SWIFT_VERSION = 5.0;
				TARGETED_DEVICE_FAMILY = 1;
			};
			name = Release;
		};
/* End XCBuildConfiguration section */

/* Begin XCConfigurationList section */
		E1FCB0AA28CDA0F600C07AA3 /* Build configuration list for PBXProject "EggTime" */ = {
			isa = XCConfigurationList;
			buildConfigurations = (
				E1FCB0C128CDA0FB00C07AA3 /* Debug */,
				E1FCB0C228CDA0FB00C07AA3 /* Release */,
			);
			defaultConfigurationIsVisible = 0;
			defaultConfigurationName = Release;
		};
		E1FCB0C328CDA0FB00C07AA3 /* Build configuration list for PBXNativeTarget "EggTime" */ = {
			isa = XCConfigurationList;
			buildConfigurations = (
				E1FCB0C428CDA0FB00C07AA3 /* Debug */,
				E1FCB0C528CDA0FB00C07AA3 /* Release */,
			);
			defaultConfigurationIsVisible = 0;
			defaultConfigurationName = Release;
		};
/* End XCConfigurationList section */

/* Begin XCRemoteSwiftPackageReference section */
		E155FB3828D0537F007ED02D /* XCRemoteSwiftPackageReference "realm-swift" */ = {
			isa = XCRemoteSwiftPackageReference;
			repositoryURL = "https://github.com/realm/realm-swift.git";
			requirement = {
				kind = upToNextMajorVersion;
				minimumVersion = 10.0.0;
			};
		};
		E155FB3D28D0551A007ED02D /* XCRemoteSwiftPackageReference "SnapKit" */ = {
			isa = XCRemoteSwiftPackageReference;
			repositoryURL = "https://github.com/SnapKit/SnapKit.git";
			requirement = {
				kind = upToNextMajorVersion;
				minimumVersion = 5.0.0;
			};
		};
		E16F4D9D28D1B31C00CEC17A /* XCRemoteSwiftPackageReference "Zip" */ = {
			isa = XCRemoteSwiftPackageReference;
			repositoryURL = "https://github.com/marmelroy/Zip.git";
			requirement = {
				kind = upToNextMajorVersion;
				minimumVersion = 2.0.0;
			};
		};
/* End XCRemoteSwiftPackageReference section */

/* Begin XCSwiftPackageProductDependency section */
		E155FB3928D0537F007ED02D /* Realm */ = {
			isa = XCSwiftPackageProductDependency;
			package = E155FB3828D0537F007ED02D /* XCRemoteSwiftPackageReference "realm-swift" */;
			productName = Realm;
		};
		E155FB3B28D0537F007ED02D /* RealmSwift */ = {
			isa = XCSwiftPackageProductDependency;
			package = E155FB3828D0537F007ED02D /* XCRemoteSwiftPackageReference "realm-swift" */;
			productName = RealmSwift;
		};
		E155FB3E28D0551A007ED02D /* SnapKit */ = {
			isa = XCSwiftPackageProductDependency;
			package = E155FB3D28D0551A007ED02D /* XCRemoteSwiftPackageReference "SnapKit" */;
			productName = SnapKit;
		};
		E16F4D9E28D1B31C00CEC17A /* Zip */ = {
			isa = XCSwiftPackageProductDependency;
			package = E16F4D9D28D1B31C00CEC17A /* XCRemoteSwiftPackageReference "Zip" */;
			productName = Zip;
		};
/* End XCSwiftPackageProductDependency section */
	};
	rootObject = E1FCB0A728CDA0F600C07AA3 /* Project object */;
}
